{
  "object": {
    "pins": [
      {
        "package": "AppStorage",
        "repositoryURL": "https://github.com/xavierLowmiller/AppStorage",
        "state": {
          "branch": null,
          "revision": "db62f9cd3aec28e901900b9ea71ec38c0665d9f3",
          "version": "1.0.3"
        }
      }
    ]
  },
  "version": 1
}
