// !$*UTF8*$!
{
	archiveVersion = 1;
	classes = {
	};
	objectVersion = 50;
	objects = {

/* Begin PBXBuildFile section */
		8909ACC025F46FAB00251064 /* README.md in Resources */ = {isa = PBXBuildFile; fileRef = 8909ACBF25F46FAA00251064 /* README.md */; };
		8909ACC125F46FAB00251064 /* README.md in Resources */ = {isa = PBXBuildFile; fileRef = 8909ACBF25F46FAA00251064 /* README.md */; };
		8914CDA824B6B7D40015E4C4 /* FavoriteSubredditView.swift in Sources */ = {isa = PBXBuildFile; fileRef = 8914CDA724B6B7D40015E4C4 /* FavoriteSubredditView.swift */; };
		8914CDAA24B776150015E4C4 /* Redditweaks.swift in Sources */ = {isa = PBXBuildFile; fileRef = 8914CDA924B776150015E4C4 /* Redditweaks.swift */; };
		8914CDAE24B788C10015E4C4 /* FavoriteSubredditsSectionView.swift in Sources */ = {isa = PBXBuildFile; fileRef = 8914CDAD24B788C10015E4C4 /* FavoriteSubredditsSectionView.swift */; };
		8932BAF02527FEEC00D77FDA /* jquery-3.5.1.min.js in Resources */ = {isa = PBXBuildFile; fileRef = 8932BAEF2527FEEC00D77FDA /* jquery-3.5.1.min.js */; };
		8936A35925F0C0FA001F5DA6 /* InternetAccessPolicy.json in Resources */ = {isa = PBXBuildFile; fileRef = 8936A35825F0C0FA001F5DA6 /* InternetAccessPolicy.json */; };
		8936A35A25F0C0FA001F5DA6 /* InternetAccessPolicy.json in Resources */ = {isa = PBXBuildFile; fileRef = 8936A35825F0C0FA001F5DA6 /* InternetAccessPolicy.json */; };
		8949C04623DD582D002CF0C0 /* LICENSE in Resources */ = {isa = PBXBuildFile; fileRef = 8949C04223DD5810002CF0C0 /* LICENSE */; };
		8949C04723DD582E002CF0C0 /* LICENSE in Resources */ = {isa = PBXBuildFile; fileRef = 8949C04223DD5810002CF0C0 /* LICENSE */; };
		895233C224A6AC0300B72CE8 /* redditweaksTests.swift in Sources */ = {isa = PBXBuildFile; fileRef = 895233C124A6AC0300B72CE8 /* redditweaksTests.swift */; };
		8952B9BF25EED54200EF44DF /* SettingsView.swift in Sources */ = {isa = PBXBuildFile; fileRef = 8952B9BE25EED54200EF44DF /* SettingsView.swift */; };
		8952B9C025EED54200EF44DF /* SettingsView.swift in Sources */ = {isa = PBXBuildFile; fileRef = 8952B9BE25EED54200EF44DF /* SettingsView.swift */; };
		8952B9C225EED97D00EF44DF /* TitleView.swift in Sources */ = {isa = PBXBuildFile; fileRef = 8952B9C125EED97D00EF44DF /* TitleView.swift */; };
		8952B9C325EED97D00EF44DF /* TitleView.swift in Sources */ = {isa = PBXBuildFile; fileRef = 8952B9C125EED97D00EF44DF /* TitleView.swift */; };
		895673D925F1589500D1195F /* DateFormatter.swift in Sources */ = {isa = PBXBuildFile; fileRef = 895673D825F1589500D1195F /* DateFormatter.swift */; };
		895673DC25F15B3C00D1195F /* TimeInterval.swift in Sources */ = {isa = PBXBuildFile; fileRef = 895673DB25F15B3C00D1195F /* TimeInterval.swift */; };
		895673DE25F15B4F00D1195F /* Date.swift in Sources */ = {isa = PBXBuildFile; fileRef = 895673DD25F15B4F00D1195F /* Date.swift */; };
		895673E025F15B8200D1195F /* FavoriteSubreddits.swift in Sources */ = {isa = PBXBuildFile; fileRef = 895673DF25F15B8200D1195F /* FavoriteSubreddits.swift */; };
		895673E125F15BD700D1195F /* FavoriteSubreddits.swift in Sources */ = {isa = PBXBuildFile; fileRef = 895673DF25F15B8200D1195F /* FavoriteSubreddits.swift */; };
		895673E225F15BE600D1195F /* DateFormatter.swift in Sources */ = {isa = PBXBuildFile; fileRef = 895673D825F1589500D1195F /* DateFormatter.swift */; };
		895673E325F15BE800D1195F /* TimeInterval.swift in Sources */ = {isa = PBXBuildFile; fileRef = 895673DB25F15B3C00D1195F /* TimeInterval.swift */; };
		895673E425F15BEA00D1195F /* Date.swift in Sources */ = {isa = PBXBuildFile; fileRef = 895673DD25F15B4F00D1195F /* Date.swift */; };
		895673E625F15EFD00D1195F /* UpdateView.swift in Sources */ = {isa = PBXBuildFile; fileRef = 895673E525F15EFD00D1195F /* UpdateView.swift */; };
		895673E725F15EFD00D1195F /* UpdateView.swift in Sources */ = {isa = PBXBuildFile; fileRef = 895673E525F15EFD00D1195F /* UpdateView.swift */; };
		895A8ED023DD4548000CD345 /* new-toolbar.pdf in Resources */ = {isa = PBXBuildFile; fileRef = 895A8ECF23DD4548000CD345 /* new-toolbar.pdf */; };
		8965D6FA2606E65400268E76 /* FavoriteSubredditsSectionView.swift in Sources */ = {isa = PBXBuildFile; fileRef = 8914CDAD24B788C10015E4C4 /* FavoriteSubredditsSectionView.swift */; };
		897BAE2E252573EE004849DB /* Assets.xcassets in Resources */ = {isa = PBXBuildFile; fileRef = 99C7C2F9235D81AA00ABA6EA /* Assets.xcassets */; };
		897BAE4C25264C88004849DB /* PopoverView.swift in Sources */ = {isa = PBXBuildFile; fileRef = 8982998A24B4059C0063FFE9 /* PopoverView.swift */; };
		897BAE5125264C8C004849DB /* Redditweaks.swift in Sources */ = {isa = PBXBuildFile; fileRef = 8914CDA924B776150015E4C4 /* Redditweaks.swift */; };
		897BAE5625264C8F004849DB /* Feature.swift in Sources */ = {isa = PBXBuildFile; fileRef = C96A6649FD5348AC8CA9E48B /* Feature.swift */; };
		897BAE6825264CC8004849DB /* FavoriteSubredditView.swift in Sources */ = {isa = PBXBuildFile; fileRef = 8914CDA724B6B7D40015E4C4 /* FavoriteSubredditView.swift */; };
		897C570A25E8130100E08F27 /* AppState.swift in Sources */ = {isa = PBXBuildFile; fileRef = 897C570925E8130100E08F27 /* AppState.swift */; };
		897C570B25E8130100E08F27 /* AppState.swift in Sources */ = {isa = PBXBuildFile; fileRef = 897C570925E8130100E08F27 /* AppState.swift */; };
		897C570D25E8181000E08F27 /* FeaturesListView.swift in Sources */ = {isa = PBXBuildFile; fileRef = 897C570C25E8181000E08F27 /* FeaturesListView.swift */; };
		897C570E25E8181000E08F27 /* FeaturesListView.swift in Sources */ = {isa = PBXBuildFile; fileRef = 897C570C25E8181000E08F27 /* FeaturesListView.swift */; };
		897C571025E8184F00E08F27 /* SectionBackgroundView.swift in Sources */ = {isa = PBXBuildFile; fileRef = 897C570F25E8184F00E08F27 /* SectionBackgroundView.swift */; };
		897C571125E8184F00E08F27 /* SectionBackgroundView.swift in Sources */ = {isa = PBXBuildFile; fileRef = 897C570F25E8184F00E08F27 /* SectionBackgroundView.swift */; };
		8982998B24B4059C0063FFE9 /* PopoverView.swift in Sources */ = {isa = PBXBuildFile; fileRef = 8982998A24B4059C0063FFE9 /* PopoverView.swift */; };
		8982998D24B405BC0063FFE9 /* PopoverViewWrapper.swift in Sources */ = {isa = PBXBuildFile; fileRef = 8982998C24B405BC0063FFE9 /* PopoverViewWrapper.swift */; };
		898A20162601313500E28B37 /* DebugView.swift in Sources */ = {isa = PBXBuildFile; fileRef = 898A20152601313500E28B37 /* DebugView.swift */; };
		89C6E25F25EF3CA700CB1680 /* UpdateHelper.swift in Sources */ = {isa = PBXBuildFile; fileRef = 89C6E25E25EF3CA700CB1680 /* UpdateHelper.swift */; };
		89C6E26025EF3D6F00CB1680 /* UpdateHelper.swift in Sources */ = {isa = PBXBuildFile; fileRef = 89C6E25E25EF3CA700CB1680 /* UpdateHelper.swift */; };
		89CD138B245E153200A8D3E4 /* SafariExtensionHandler.swift in Sources */ = {isa = PBXBuildFile; fileRef = 89CD138A245E153200A8D3E4 /* SafariExtensionHandler.swift */; };
		89DD692324AA8AE800599B28 /* redditweaksUITests.swift in Sources */ = {isa = PBXBuildFile; fileRef = 89DD692224AA8AE800599B28 /* redditweaksUITests.swift */; };
		89E4F57323DCF79600F72DDD /* Feature.swift in Sources */ = {isa = PBXBuildFile; fileRef = C96A6649FD5348AC8CA9E48B /* Feature.swift */; };
		99A81B7D236FBD42006D4A61 /* toolbar.pdf in Resources */ = {isa = PBXBuildFile; fileRef = 99A81B7C236FBD42006D4A61 /* toolbar.pdf */; };
		99C7C2F8235D81A700ABA6EA /* Main.swift in Sources */ = {isa = PBXBuildFile; fileRef = 99C7C2F7235D81A700ABA6EA /* Main.swift */; };
		99C7C2FA235D81AA00ABA6EA /* Assets.xcassets in Resources */ = {isa = PBXBuildFile; fileRef = 99C7C2F9235D81AA00ABA6EA /* Assets.xcassets */; };
		99C7C301235D81AA00ABA6EA /* Tweaks for Reddit Extension.appex in Embed App Extensions */ = {isa = PBXBuildFile; fileRef = 99C7C300235D81AA00ABA6EA /* Tweaks for Reddit Extension.appex */; settings = {ATTRIBUTES = (RemoveHeadersOnCopy, ); }; };
		99C7C311235D81AA00ABA6EA /* redditweaks-script.js in Resources */ = {isa = PBXBuildFile; fileRef = 99C7C310235D81AA00ABA6EA /* redditweaks-script.js */; };
/* End PBXBuildFile section */

/* Begin PBXContainerItemProxy section */
		895233C424A6AC0300B72CE8 /* PBXContainerItemProxy */ = {
			isa = PBXContainerItemProxy;
			containerPortal = 99C7C2E5235D81A700ABA6EA /* Project object */;
			proxyType = 1;
			remoteGlobalIDString = 99C7C2EC235D81A700ABA6EA;
			remoteInfo = redditweaks;
		};
		89DD692524AA8AE800599B28 /* PBXContainerItemProxy */ = {
			isa = PBXContainerItemProxy;
			containerPortal = 99C7C2E5235D81A700ABA6EA /* Project object */;
			proxyType = 1;
			remoteGlobalIDString = 99C7C2EC235D81A700ABA6EA;
			remoteInfo = redditweaks;
		};
		99C7C302235D81AA00ABA6EA /* PBXContainerItemProxy */ = {
			isa = PBXContainerItemProxy;
			containerPortal = 99C7C2E5235D81A700ABA6EA /* Project object */;
			proxyType = 1;
			remoteGlobalIDString = 99C7C2FF235D81AA00ABA6EA;
			remoteInfo = "redditweaks2 Extension";
		};
/* End PBXContainerItemProxy section */

/* Begin PBXCopyFilesBuildPhase section */
		99C7C31A235D81AA00ABA6EA /* Embed App Extensions */ = {
			isa = PBXCopyFilesBuildPhase;
			buildActionMask = 2147483647;
			dstPath = "";
			dstSubfolderSpec = 13;
			files = (
				99C7C301235D81AA00ABA6EA /* Tweaks for Reddit Extension.appex in Embed App Extensions */,
			);
			name = "Embed App Extensions";
			runOnlyForDeploymentPostprocessing = 0;
		};
/* End PBXCopyFilesBuildPhase section */

/* Begin PBXFileReference section */
		8909ACBF25F46FAA00251064 /* README.md */ = {isa = PBXFileReference; fileEncoding = 4; lastKnownFileType = net.daringfireball.markdown; path = README.md; sourceTree = "<group>"; };
		8914CDA724B6B7D40015E4C4 /* FavoriteSubredditView.swift */ = {isa = PBXFileReference; lastKnownFileType = sourcecode.swift; path = FavoriteSubredditView.swift; sourceTree = "<group>"; };
		8914CDA924B776150015E4C4 /* Redditweaks.swift */ = {isa = PBXFileReference; lastKnownFileType = sourcecode.swift; path = Redditweaks.swift; sourceTree = "<group>"; };
		8914CDAD24B788C10015E4C4 /* FavoriteSubredditsSectionView.swift */ = {isa = PBXFileReference; lastKnownFileType = sourcecode.swift; path = FavoriteSubredditsSectionView.swift; sourceTree = "<group>"; };
		8932BAEF2527FEEC00D77FDA /* jquery-3.5.1.min.js */ = {isa = PBXFileReference; fileEncoding = 4; lastKnownFileType = sourcecode.javascript; path = "jquery-3.5.1.min.js"; sourceTree = "<group>"; };
		8936A35825F0C0FA001F5DA6 /* InternetAccessPolicy.json */ = {isa = PBXFileReference; fileEncoding = 4; lastKnownFileType = text.json; path = InternetAccessPolicy.json; sourceTree = SOURCE_ROOT; };
		8949C04223DD5810002CF0C0 /* LICENSE */ = {isa = PBXFileReference; fileEncoding = 4; lastKnownFileType = text; path = LICENSE; sourceTree = SOURCE_ROOT; };
		895233BF24A6AC0300B72CE8 /* redditweaksTests.xctest */ = {isa = PBXFileReference; explicitFileType = wrapper.cfbundle; includeInIndex = 0; path = redditweaksTests.xctest; sourceTree = BUILT_PRODUCTS_DIR; };
		895233C124A6AC0300B72CE8 /* redditweaksTests.swift */ = {isa = PBXFileReference; lastKnownFileType = sourcecode.swift; path = redditweaksTests.swift; sourceTree = "<group>"; };
		895233C324A6AC0300B72CE8 /* Info.plist */ = {isa = PBXFileReference; lastKnownFileType = text.plist.xml; path = Info.plist; sourceTree = "<group>"; };
		8952B9BE25EED54200EF44DF /* SettingsView.swift */ = {isa = PBXFileReference; lastKnownFileType = sourcecode.swift; path = SettingsView.swift; sourceTree = "<group>"; };
		8952B9C125EED97D00EF44DF /* TitleView.swift */ = {isa = PBXFileReference; lastKnownFileType = sourcecode.swift; path = TitleView.swift; sourceTree = "<group>"; };
		895673D825F1589500D1195F /* DateFormatter.swift */ = {isa = PBXFileReference; lastKnownFileType = sourcecode.swift; path = DateFormatter.swift; sourceTree = "<group>"; };
		895673DB25F15B3C00D1195F /* TimeInterval.swift */ = {isa = PBXFileReference; lastKnownFileType = sourcecode.swift; path = TimeInterval.swift; sourceTree = "<group>"; };
		895673DD25F15B4F00D1195F /* Date.swift */ = {isa = PBXFileReference; lastKnownFileType = sourcecode.swift; path = Date.swift; sourceTree = "<group>"; };
		895673DF25F15B8200D1195F /* FavoriteSubreddits.swift */ = {isa = PBXFileReference; lastKnownFileType = sourcecode.swift; path = FavoriteSubreddits.swift; sourceTree = "<group>"; };
		895673E525F15EFD00D1195F /* UpdateView.swift */ = {isa = PBXFileReference; lastKnownFileType = sourcecode.swift; path = UpdateView.swift; sourceTree = "<group>"; };
		895A8ECF23DD4548000CD345 /* new-toolbar.pdf */ = {isa = PBXFileReference; lastKnownFileType = image.pdf; path = "new-toolbar.pdf"; sourceTree = "<group>"; };
		89653D0B24B7F7E200827F91 /* LinkKit.framework */ = {isa = PBXFileReference; lastKnownFileType = wrapper.framework; name = LinkKit.framework; path = "../../Downloads/Carthage-2/Build/iOS/LinkKit.framework"; sourceTree = "<group>"; };
		897C570925E8130100E08F27 /* AppState.swift */ = {isa = PBXFileReference; lastKnownFileType = sourcecode.swift; path = AppState.swift; sourceTree = "<group>"; };
		897C570C25E8181000E08F27 /* FeaturesListView.swift */ = {isa = PBXFileReference; lastKnownFileType = sourcecode.swift; path = FeaturesListView.swift; sourceTree = "<group>"; };
		897C570F25E8184F00E08F27 /* SectionBackgroundView.swift */ = {isa = PBXFileReference; lastKnownFileType = sourcecode.swift; path = SectionBackgroundView.swift; sourceTree = "<group>"; };
		8982998A24B4059C0063FFE9 /* PopoverView.swift */ = {isa = PBXFileReference; lastKnownFileType = sourcecode.swift; path = PopoverView.swift; sourceTree = "<group>"; };
		8982998C24B405BC0063FFE9 /* PopoverViewWrapper.swift */ = {isa = PBXFileReference; lastKnownFileType = sourcecode.swift; path = PopoverViewWrapper.swift; sourceTree = "<group>"; };
		898A20152601313500E28B37 /* DebugView.swift */ = {isa = PBXFileReference; lastKnownFileType = sourcecode.swift; path = DebugView.swift; sourceTree = "<group>"; };
		89C6E25E25EF3CA700CB1680 /* UpdateHelper.swift */ = {isa = PBXFileReference; lastKnownFileType = sourcecode.swift; path = UpdateHelper.swift; sourceTree = "<group>"; };
		89CD138A245E153200A8D3E4 /* SafariExtensionHandler.swift */ = {isa = PBXFileReference; lastKnownFileType = sourcecode.swift; path = SafariExtensionHandler.swift; sourceTree = "<group>"; };
		89DD692024AA8AE800599B28 /* redditweaksUITests.xctest */ = {isa = PBXFileReference; explicitFileType = wrapper.cfbundle; includeInIndex = 0; path = redditweaksUITests.xctest; sourceTree = BUILT_PRODUCTS_DIR; };
		89DD692224AA8AE800599B28 /* redditweaksUITests.swift */ = {isa = PBXFileReference; lastKnownFileType = sourcecode.swift; path = redditweaksUITests.swift; sourceTree = "<group>"; };
		89DD692424AA8AE800599B28 /* Info.plist */ = {isa = PBXFileReference; lastKnownFileType = text.plist.xml; path = Info.plist; sourceTree = "<group>"; };
		89E038A72602EE6A00B5E4E0 /* Mac App Store.xcconfig */ = {isa = PBXFileReference; lastKnownFileType = text.xcconfig; path = "Mac App Store.xcconfig"; sourceTree = "<group>"; };
		89E038A82602EFAE00B5E4E0 /* GitHub Release.xcconfig */ = {isa = PBXFileReference; lastKnownFileType = text.xcconfig; path = "GitHub Release.xcconfig"; sourceTree = "<group>"; };
		99A81B7C236FBD42006D4A61 /* toolbar.pdf */ = {isa = PBXFileReference; lastKnownFileType = image.pdf; path = toolbar.pdf; sourceTree = "<group>"; };
		99C7C2ED235D81A700ABA6EA /* Tweaks for Reddit.app */ = {isa = PBXFileReference; explicitFileType = wrapper.application; includeInIndex = 0; path = "Tweaks for Reddit.app"; sourceTree = BUILT_PRODUCTS_DIR; };
		99C7C2F0235D81A700ABA6EA /* redditweaks.entitlements */ = {isa = PBXFileReference; lastKnownFileType = text.plist.entitlements; path = redditweaks.entitlements; sourceTree = "<group>"; };
		99C7C2F7235D81A700ABA6EA /* Main.swift */ = {isa = PBXFileReference; lastKnownFileType = sourcecode.swift; path = Main.swift; sourceTree = "<group>"; };
		99C7C2F9235D81AA00ABA6EA /* Assets.xcassets */ = {isa = PBXFileReference; lastKnownFileType = folder.assetcatalog; path = Assets.xcassets; sourceTree = "<group>"; };
		99C7C2FB235D81AA00ABA6EA /* Info.plist */ = {isa = PBXFileReference; lastKnownFileType = text.plist.xml; path = Info.plist; sourceTree = "<group>"; };
		99C7C300235D81AA00ABA6EA /* Tweaks for Reddit Extension.appex */ = {isa = PBXFileReference; explicitFileType = "wrapper.app-extension"; includeInIndex = 0; path = "Tweaks for Reddit Extension.appex"; sourceTree = BUILT_PRODUCTS_DIR; };
		99C7C305235D81AA00ABA6EA /* Cocoa.framework */ = {isa = PBXFileReference; lastKnownFileType = wrapper.framework; name = Cocoa.framework; path = System/Library/Frameworks/Cocoa.framework; sourceTree = SDKROOT; };
		99C7C30F235D81AA00ABA6EA /* Info.plist */ = {isa = PBXFileReference; lastKnownFileType = text.plist.xml; path = Info.plist; sourceTree = "<group>"; };
		99C7C310235D81AA00ABA6EA /* redditweaks-script.js */ = {isa = PBXFileReference; lastKnownFileType = sourcecode.javascript; path = "redditweaks-script.js"; sourceTree = "<group>"; };
		99C7C314235D81AA00ABA6EA /* redditweaks_Extension.entitlements */ = {isa = PBXFileReference; lastKnownFileType = text.plist.entitlements; path = redditweaks_Extension.entitlements; sourceTree = "<group>"; };
		C96A6649FD5348AC8CA9E48B /* Feature.swift */ = {isa = PBXFileReference; fileEncoding = 4; lastKnownFileType = sourcecode.swift; path = Feature.swift; sourceTree = "<group>"; };
/* End PBXFileReference section */

/* Begin PBXFrameworksBuildPhase section */
		895233BC24A6AC0300B72CE8 /* Frameworks */ = {
			isa = PBXFrameworksBuildPhase;
			buildActionMask = 2147483647;
			files = (
			);
			runOnlyForDeploymentPostprocessing = 0;
		};
		89DD691D24AA8AE800599B28 /* Frameworks */ = {
			isa = PBXFrameworksBuildPhase;
			buildActionMask = 2147483647;
			files = (
			);
			runOnlyForDeploymentPostprocessing = 0;
		};
		99C7C2EA235D81A700ABA6EA /* Frameworks */ = {
			isa = PBXFrameworksBuildPhase;
			buildActionMask = 2147483647;
			files = (
			);
			runOnlyForDeploymentPostprocessing = 0;
		};
		99C7C2FD235D81AA00ABA6EA /* Frameworks */ = {
			isa = PBXFrameworksBuildPhase;
			buildActionMask = 2147483647;
			files = (
			);
			runOnlyForDeploymentPostprocessing = 0;
		};
/* End PBXFrameworksBuildPhase section */

/* Begin PBXGroup section */
		8936A35725F0C0E1001F5DA6 /* Resources */ = {
			isa = PBXGroup;
			children = (
				8936A35825F0C0FA001F5DA6 /* InternetAccessPolicy.json */,
			);
			path = Resources;
			sourceTree = "<group>";
		};
		895233C024A6AC0300B72CE8 /* redditweaksTests */ = {
			isa = PBXGroup;
			children = (
				895233C124A6AC0300B72CE8 /* redditweaksTests.swift */,
				895233C324A6AC0300B72CE8 /* Info.plist */,
			);
			path = redditweaksTests;
			sourceTree = "<group>";
		};
		895673D725F1563000D1195F /* Extension */ = {
			isa = PBXGroup;
			children = (
				895673D825F1589500D1195F /* DateFormatter.swift */,
				895673DB25F15B3C00D1195F /* TimeInterval.swift */,
				895673DD25F15B4F00D1195F /* Date.swift */,
			);
			path = Extension;
			sourceTree = "<group>";
		};
		895673DA25F158EA00D1195F /* Model */ = {
			isa = PBXGroup;
			children = (
				897C570925E8130100E08F27 /* AppState.swift */,
				C96A6649FD5348AC8CA9E48B /* Feature.swift */,
				895673DF25F15B8200D1195F /* FavoriteSubreddits.swift */,
			);
			path = Model;
			sourceTree = "<group>";
		};
		897BAE3325264C16004849DB /* shared */ = {
			isa = PBXGroup;
			children = (
				89B4B08225FFCEEC002E5A1B /* Helper */,
				895673DA25F158EA00D1195F /* Model */,
				895673D725F1563000D1195F /* Extension */,
				99C7C2F9235D81AA00ABA6EA /* Assets.xcassets */,
				8982998A24B4059C0063FFE9 /* PopoverView.swift */,
				895673E525F15EFD00D1195F /* UpdateView.swift */,
				8952B9C125EED97D00EF44DF /* TitleView.swift */,
				8952B9BE25EED54200EF44DF /* SettingsView.swift */,
				897C570C25E8181000E08F27 /* FeaturesListView.swift */,
				897C570F25E8184F00E08F27 /* SectionBackgroundView.swift */,
				8914CDA924B776150015E4C4 /* Redditweaks.swift */,
				8914CDA724B6B7D40015E4C4 /* FavoriteSubredditView.swift */,
				8914CDAD24B788C10015E4C4 /* FavoriteSubredditsSectionView.swift */,
			);
			path = shared;
			sourceTree = "<group>";
		};
		89B4B08225FFCEEC002E5A1B /* Helper */ = {
			isa = PBXGroup;
			children = (
				89C6E25E25EF3CA700CB1680 /* UpdateHelper.swift */,
			);
			path = Helper;
			sourceTree = "<group>";
		};
		89DD692124AA8AE800599B28 /* redditweaksUITests */ = {
			isa = PBXGroup;
			children = (
				89DD692224AA8AE800599B28 /* redditweaksUITests.swift */,
				89DD692424AA8AE800599B28 /* Info.plist */,
			);
			path = redditweaksUITests;
			sourceTree = "<group>";
		};
		99C7C2E4235D81A700ABA6EA = {
			isa = PBXGroup;
			children = (
				89E038A72602EE6A00B5E4E0 /* Mac App Store.xcconfig */,
				89E038A82602EFAE00B5E4E0 /* GitHub Release.xcconfig */,
				8909ACBF25F46FAA00251064 /* README.md */,
				8949C04223DD5810002CF0C0 /* LICENSE */,
				8936A35725F0C0E1001F5DA6 /* Resources */,
				897BAE3325264C16004849DB /* shared */,
				99C7C2EF235D81A700ABA6EA /* redditweaks */,
				99C7C307235D81AA00ABA6EA /* redditweaks Extension */,
				895233C024A6AC0300B72CE8 /* redditweaksTests */,
				89DD692124AA8AE800599B28 /* redditweaksUITests */,
				99C7C304235D81AA00ABA6EA /* Frameworks */,
				99C7C2EE235D81A700ABA6EA /* Products */,
			);
			sourceTree = "<group>";
		};
		99C7C2EE235D81A700ABA6EA /* Products */ = {
			isa = PBXGroup;
			children = (
				99C7C2ED235D81A700ABA6EA /* Tweaks for Reddit.app */,
				99C7C300235D81AA00ABA6EA /* Tweaks for Reddit Extension.appex */,
				895233BF24A6AC0300B72CE8 /* redditweaksTests.xctest */,
				89DD692024AA8AE800599B28 /* redditweaksUITests.xctest */,
			);
			name = Products;
			sourceTree = "<group>";
		};
		99C7C2EF235D81A700ABA6EA /* redditweaks */ = {
			isa = PBXGroup;
			children = (
				99C7C2F0235D81A700ABA6EA /* redditweaks.entitlements */,
				99C7C2F7235D81A700ABA6EA /* Main.swift */,
				898A20152601313500E28B37 /* DebugView.swift */,
				99C7C2FB235D81AA00ABA6EA /* Info.plist */,
			);
			path = redditweaks;
			sourceTree = "<group>";
		};
		99C7C304235D81AA00ABA6EA /* Frameworks */ = {
			isa = PBXGroup;
			children = (
				89653D0B24B7F7E200827F91 /* LinkKit.framework */,
				99C7C305235D81AA00ABA6EA /* Cocoa.framework */,
			);
			name = Frameworks;
			sourceTree = "<group>";
		};
		99C7C307235D81AA00ABA6EA /* redditweaks Extension */ = {
			isa = PBXGroup;
			children = (
				89CD138A245E153200A8D3E4 /* SafariExtensionHandler.swift */,
				8982998C24B405BC0063FFE9 /* PopoverViewWrapper.swift */,
				99C7C30F235D81AA00ABA6EA /* Info.plist */,
				8932BAEF2527FEEC00D77FDA /* jquery-3.5.1.min.js */,
				99C7C310235D81AA00ABA6EA /* redditweaks-script.js */,
				99A81B7C236FBD42006D4A61 /* toolbar.pdf */,
				895A8ECF23DD4548000CD345 /* new-toolbar.pdf */,
				99C7C314235D81AA00ABA6EA /* redditweaks_Extension.entitlements */,
			);
			path = "redditweaks Extension";
			sourceTree = "<group>";
		};
/* End PBXGroup section */

/* Begin PBXNativeTarget section */
		895233BE24A6AC0300B72CE8 /* redditweaksTests */ = {
			isa = PBXNativeTarget;
			buildConfigurationList = 895233C624A6AC0300B72CE8 /* Build configuration list for PBXNativeTarget "redditweaksTests" */;
			buildPhases = (
				895233BB24A6AC0300B72CE8 /* Sources */,
				895233BC24A6AC0300B72CE8 /* Frameworks */,
				895233BD24A6AC0300B72CE8 /* Resources */,
			);
			buildRules = (
			);
			dependencies = (
				895233C524A6AC0300B72CE8 /* PBXTargetDependency */,
			);
			name = redditweaksTests;
			productName = redditweaksTests;
			productReference = 895233BF24A6AC0300B72CE8 /* redditweaksTests.xctest */;
			productType = "com.apple.product-type.bundle.unit-test";
		};
		89DD691F24AA8AE800599B28 /* redditweaksUITests */ = {
			isa = PBXNativeTarget;
			buildConfigurationList = 89DD692724AA8AE800599B28 /* Build configuration list for PBXNativeTarget "redditweaksUITests" */;
			buildPhases = (
				89DD691C24AA8AE800599B28 /* Sources */,
				89DD691D24AA8AE800599B28 /* Frameworks */,
				89DD691E24AA8AE800599B28 /* Resources */,
			);
			buildRules = (
			);
			dependencies = (
				89DD692624AA8AE800599B28 /* PBXTargetDependency */,
			);
			name = redditweaksUITests;
			productName = redditweaksUITests;
			productReference = 89DD692024AA8AE800599B28 /* redditweaksUITests.xctest */;
			productType = "com.apple.product-type.bundle.ui-testing";
		};
		99C7C2EC235D81A700ABA6EA /* Tweaks for Reddit */ = {
			isa = PBXNativeTarget;
			buildConfigurationList = 99C7C31B235D81AA00ABA6EA /* Build configuration list for PBXNativeTarget "Tweaks for Reddit" */;
			buildPhases = (
				99C7C2E9235D81A700ABA6EA /* Sources */,
				99C7C2EA235D81A700ABA6EA /* Frameworks */,
				99C7C2EB235D81A700ABA6EA /* Resources */,
				99C7C31A235D81AA00ABA6EA /* Embed App Extensions */,
			);
			buildRules = (
			);
			dependencies = (
				99C7C303235D81AA00ABA6EA /* PBXTargetDependency */,
			);
			name = "Tweaks for Reddit";
			packageProductDependencies = (
			);
			productName = redditweaks2;
			productReference = 99C7C2ED235D81A700ABA6EA /* Tweaks for Reddit.app */;
			productType = "com.apple.product-type.application";
		};
		99C7C2FF235D81AA00ABA6EA /* Tweaks for Reddit Extension */ = {
			isa = PBXNativeTarget;
			buildConfigurationList = 99C7C317235D81AA00ABA6EA /* Build configuration list for PBXNativeTarget "Tweaks for Reddit Extension" */;
			buildPhases = (
				99C7C2FC235D81AA00ABA6EA /* Sources */,
				99C7C2FD235D81AA00ABA6EA /* Frameworks */,
				99C7C2FE235D81AA00ABA6EA /* Resources */,
			);
			buildRules = (
			);
			dependencies = (
			);
			name = "Tweaks for Reddit Extension";
			packageProductDependencies = (
			);
			productName = "redditweaks2 Extension";
			productReference = 99C7C300235D81AA00ABA6EA /* Tweaks for Reddit Extension.appex */;
			productType = "com.apple.product-type.app-extension";
		};
/* End PBXNativeTarget section */

/* Begin PBXProject section */
		99C7C2E5235D81A700ABA6EA /* Project object */ = {
			isa = PBXProject;
			attributes = {
				LastSwiftUpdateCheck = 1250;
				LastUpgradeCheck = 1250;
				ORGANIZATIONNAME = bermudalocket;
				TargetAttributes = {
					895233BE24A6AC0300B72CE8 = {
						CreatedOnToolsVersion = 12.0;
						TestTargetID = 99C7C2EC235D81A700ABA6EA;
					};
					89DD691F24AA8AE800599B28 = {
						CreatedOnToolsVersion = 12.0;
						TestTargetID = 99C7C2EC235D81A700ABA6EA;
					};
					99C7C2EC235D81A700ABA6EA = {
						CreatedOnToolsVersion = 11.1;
					};
					99C7C2FF235D81AA00ABA6EA = {
						CreatedOnToolsVersion = 11.1;
					};
				};
			};
			buildConfigurationList = 99C7C2E8235D81A700ABA6EA /* Build configuration list for PBXProject "redditweaks" */;
			compatibilityVersion = "Xcode 9.3";
			developmentRegion = en;
			hasScannedForEncodings = 0;
			knownRegions = (
				en,
				Base,
			);
			mainGroup = 99C7C2E4235D81A700ABA6EA;
			packageReferences = (
			);
			productRefGroup = 99C7C2EE235D81A700ABA6EA /* Products */;
			projectDirPath = "";
			projectRoot = "";
			targets = (
				99C7C2EC235D81A700ABA6EA /* Tweaks for Reddit */,
				99C7C2FF235D81AA00ABA6EA /* Tweaks for Reddit Extension */,
				895233BE24A6AC0300B72CE8 /* redditweaksTests */,
				89DD691F24AA8AE800599B28 /* redditweaksUITests */,
			);
		};
/* End PBXProject section */

/* Begin PBXResourcesBuildPhase section */
		895233BD24A6AC0300B72CE8 /* Resources */ = {
			isa = PBXResourcesBuildPhase;
			buildActionMask = 2147483647;
			files = (
			);
			runOnlyForDeploymentPostprocessing = 0;
		};
		89DD691E24AA8AE800599B28 /* Resources */ = {
			isa = PBXResourcesBuildPhase;
			buildActionMask = 2147483647;
			files = (
			);
			runOnlyForDeploymentPostprocessing = 0;
		};
		99C7C2EB235D81A700ABA6EA /* Resources */ = {
			isa = PBXResourcesBuildPhase;
			buildActionMask = 2147483647;
			files = (
				8936A35925F0C0FA001F5DA6 /* InternetAccessPolicy.json in Resources */,
				99C7C2FA235D81AA00ABA6EA /* Assets.xcassets in Resources */,
				8909ACC025F46FAB00251064 /* README.md in Resources */,
				8949C04623DD582D002CF0C0 /* LICENSE in Resources */,
			);
			runOnlyForDeploymentPostprocessing = 0;
		};
		99C7C2FE235D81AA00ABA6EA /* Resources */ = {
			isa = PBXResourcesBuildPhase;
			buildActionMask = 2147483647;
			files = (
				8949C04723DD582E002CF0C0 /* LICENSE in Resources */,
				99A81B7D236FBD42006D4A61 /* toolbar.pdf in Resources */,
				8932BAF02527FEEC00D77FDA /* jquery-3.5.1.min.js in Resources */,
				8936A35A25F0C0FA001F5DA6 /* InternetAccessPolicy.json in Resources */,
				99C7C311235D81AA00ABA6EA /* redditweaks-script.js in Resources */,
				897BAE2E252573EE004849DB /* Assets.xcassets in Resources */,
				8909ACC125F46FAB00251064 /* README.md in Resources */,
				895A8ED023DD4548000CD345 /* new-toolbar.pdf in Resources */,
			);
			runOnlyForDeploymentPostprocessing = 0;
		};
/* End PBXResourcesBuildPhase section */

/* Begin PBXSourcesBuildPhase section */
		895233BB24A6AC0300B72CE8 /* Sources */ = {
			isa = PBXSourcesBuildPhase;
			buildActionMask = 2147483647;
			files = (
				895233C224A6AC0300B72CE8 /* redditweaksTests.swift in Sources */,
			);
			runOnlyForDeploymentPostprocessing = 0;
		};
		89DD691C24AA8AE800599B28 /* Sources */ = {
			isa = PBXSourcesBuildPhase;
			buildActionMask = 2147483647;
			files = (
				89DD692324AA8AE800599B28 /* redditweaksUITests.swift in Sources */,
			);
			runOnlyForDeploymentPostprocessing = 0;
		};
		99C7C2E9235D81A700ABA6EA /* Sources */ = {
			isa = PBXSourcesBuildPhase;
			buildActionMask = 2147483647;
			files = (
				89C6E26025EF3D6F00CB1680 /* UpdateHelper.swift in Sources */,
				895673DC25F15B3C00D1195F /* TimeInterval.swift in Sources */,
				897BAE4C25264C88004849DB /* PopoverView.swift in Sources */,
				895673E025F15B8200D1195F /* FavoriteSubreddits.swift in Sources */,
				897BAE5125264C8C004849DB /* Redditweaks.swift in Sources */,
				8965D6FA2606E65400268E76 /* FavoriteSubredditsSectionView.swift in Sources */,
				897BAE5625264C8F004849DB /* Feature.swift in Sources */,
				895673D925F1589500D1195F /* DateFormatter.swift in Sources */,
				897C570D25E8181000E08F27 /* FeaturesListView.swift in Sources */,
				8952B9BF25EED54200EF44DF /* SettingsView.swift in Sources */,
				897C571025E8184F00E08F27 /* SectionBackgroundView.swift in Sources */,
				99C7C2F8235D81A700ABA6EA /* Main.swift in Sources */,
				898A20162601313500E28B37 /* DebugView.swift in Sources */,
				897C570A25E8130100E08F27 /* AppState.swift in Sources */,
				895673DE25F15B4F00D1195F /* Date.swift in Sources */,
				897BAE6825264CC8004849DB /* FavoriteSubredditView.swift in Sources */,
				895673E625F15EFD00D1195F /* UpdateView.swift in Sources */,
				8952B9C225EED97D00EF44DF /* TitleView.swift in Sources */,
			);
			runOnlyForDeploymentPostprocessing = 0;
		};
		99C7C2FC235D81AA00ABA6EA /* Sources */ = {
			isa = PBXSourcesBuildPhase;
			buildActionMask = 2147483647;
			files = (
				8982998B24B4059C0063FFE9 /* PopoverView.swift in Sources */,
				895673E325F15BE800D1195F /* TimeInterval.swift in Sources */,
				897C570B25E8130100E08F27 /* AppState.swift in Sources */,
				897C571125E8184F00E08F27 /* SectionBackgroundView.swift in Sources */,
				89C6E25F25EF3CA700CB1680 /* UpdateHelper.swift in Sources */,
				895673E125F15BD700D1195F /* FavoriteSubreddits.swift in Sources */,
				895673E425F15BEA00D1195F /* Date.swift in Sources */,
				895673E725F15EFD00D1195F /* UpdateView.swift in Sources */,
				8982998D24B405BC0063FFE9 /* PopoverViewWrapper.swift in Sources */,
				89CD138B245E153200A8D3E4 /* SafariExtensionHandler.swift in Sources */,
				897C570E25E8181000E08F27 /* FeaturesListView.swift in Sources */,
				8914CDAA24B776150015E4C4 /* Redditweaks.swift in Sources */,
				895673E225F15BE600D1195F /* DateFormatter.swift in Sources */,
				8914CDAE24B788C10015E4C4 /* FavoriteSubredditsSectionView.swift in Sources */,
				89E4F57323DCF79600F72DDD /* Feature.swift in Sources */,
				8914CDA824B6B7D40015E4C4 /* FavoriteSubredditView.swift in Sources */,
				8952B9C025EED54200EF44DF /* SettingsView.swift in Sources */,
				8952B9C325EED97D00EF44DF /* TitleView.swift in Sources */,
			);
			runOnlyForDeploymentPostprocessing = 0;
		};
/* End PBXSourcesBuildPhase section */

/* Begin PBXTargetDependency section */
		895233C524A6AC0300B72CE8 /* PBXTargetDependency */ = {
			isa = PBXTargetDependency;
			target = 99C7C2EC235D81A700ABA6EA /* Tweaks for Reddit */;
			targetProxy = 895233C424A6AC0300B72CE8 /* PBXContainerItemProxy */;
		};
		89DD692624AA8AE800599B28 /* PBXTargetDependency */ = {
			isa = PBXTargetDependency;
			target = 99C7C2EC235D81A700ABA6EA /* Tweaks for Reddit */;
			targetProxy = 89DD692524AA8AE800599B28 /* PBXContainerItemProxy */;
		};
		99C7C303235D81AA00ABA6EA /* PBXTargetDependency */ = {
			isa = PBXTargetDependency;
			target = 99C7C2FF235D81AA00ABA6EA /* Tweaks for Reddit Extension */;
			targetProxy = 99C7C302235D81AA00ABA6EA /* PBXContainerItemProxy */;
		};
/* End PBXTargetDependency section */

/* Begin XCBuildConfiguration section */
		895233C724A6AC0300B72CE8 /* Debug */ = {
			isa = XCBuildConfiguration;
			buildSettings = {
				BUNDLE_LOADER = "$(TEST_HOST)";
				CLANG_WARN_QUOTED_INCLUDE_IN_FRAMEWORK_HEADER = YES;
				CODE_SIGN_STYLE = Automatic;
				COMBINE_HIDPI_IMAGES = YES;
				DEVELOPMENT_TEAM = 2VZ489BR9H;
				INFOPLIST_FILE = redditweaksTests/Info.plist;
				LD_RUNPATH_SEARCH_PATHS = (
					"$(inherited)",
					"@executable_path/../Frameworks",
					"@loader_path/../Frameworks",
				);
				MACOSX_DEPLOYMENT_TARGET = 11.0;
				PRODUCT_BUNDLE_IDENTIFIER = com.bermudalocket.redditweaksTests;
				PRODUCT_NAME = "$(TARGET_NAME)";
				SWIFT_VERSION = 5.0;
				TEST_HOST = "$(BUILT_PRODUCTS_DIR)/redditweaks.app/Contents/MacOS/redditweaks";
			};
			name = Debug;
		};
		895233C824A6AC0300B72CE8 /* Release */ = {
			isa = XCBuildConfiguration;
			buildSettings = {
				BUNDLE_LOADER = "$(TEST_HOST)";
				CLANG_WARN_QUOTED_INCLUDE_IN_FRAMEWORK_HEADER = YES;
				CODE_SIGN_STYLE = Automatic;
				COMBINE_HIDPI_IMAGES = YES;
				DEVELOPMENT_TEAM = 2VZ489BR9H;
				INFOPLIST_FILE = redditweaksTests/Info.plist;
				LD_RUNPATH_SEARCH_PATHS = (
					"$(inherited)",
					"@executable_path/../Frameworks",
					"@loader_path/../Frameworks",
				);
				MACOSX_DEPLOYMENT_TARGET = 11.0;
				PRODUCT_BUNDLE_IDENTIFIER = com.bermudalocket.redditweaksTests;
				PRODUCT_NAME = "$(TARGET_NAME)";
				SWIFT_VERSION = 5.0;
				TEST_HOST = "$(BUILT_PRODUCTS_DIR)/redditweaks.app/Contents/MacOS/redditweaks";
			};
			name = Release;
		};
		89DD692824AA8AE800599B28 /* Debug */ = {
			isa = XCBuildConfiguration;
			buildSettings = {
				CODE_SIGN_STYLE = Automatic;
				COMBINE_HIDPI_IMAGES = YES;
				DEVELOPMENT_TEAM = 2VZ489BR9H;
				INFOPLIST_FILE = redditweaksUITests/Info.plist;
				LD_RUNPATH_SEARCH_PATHS = (
					"$(inherited)",
					"@executable_path/../Frameworks",
					"@loader_path/../Frameworks",
				);
				MACOSX_DEPLOYMENT_TARGET = 11.0;
				PRODUCT_BUNDLE_IDENTIFIER = com.bermudalocket.redditweaksUITests;
				PRODUCT_NAME = "$(TARGET_NAME)";
				SWIFT_VERSION = 5.0;
				TEST_TARGET_NAME = redditweaks;
			};
			name = Debug;
		};
		89DD692924AA8AE800599B28 /* Release */ = {
			isa = XCBuildConfiguration;
			buildSettings = {
				CODE_SIGN_STYLE = Automatic;
				COMBINE_HIDPI_IMAGES = YES;
				DEVELOPMENT_TEAM = 2VZ489BR9H;
				INFOPLIST_FILE = redditweaksUITests/Info.plist;
				LD_RUNPATH_SEARCH_PATHS = (
					"$(inherited)",
					"@executable_path/../Frameworks",
					"@loader_path/../Frameworks",
				);
				MACOSX_DEPLOYMENT_TARGET = 11.0;
				PRODUCT_BUNDLE_IDENTIFIER = com.bermudalocket.redditweaksUITests;
				PRODUCT_NAME = "$(TARGET_NAME)";
				SWIFT_VERSION = 5.0;
				TEST_TARGET_NAME = redditweaks;
			};
			name = Release;
		};
		89E0388D2602EC1900B5E4E0 /* Mac App Store */ = {
			isa = XCBuildConfiguration;
			buildSettings = {
				ALWAYS_SEARCH_USER_PATHS = NO;
				CLANG_ANALYZER_NONNULL = YES;
				CLANG_ANALYZER_NUMBER_OBJECT_CONVERSION = YES_AGGRESSIVE;
				CLANG_CXX_LANGUAGE_STANDARD = "gnu++14";
				CLANG_CXX_LIBRARY = "libc++";
				CLANG_ENABLE_MODULES = YES;
				CLANG_ENABLE_OBJC_ARC = YES;
				CLANG_ENABLE_OBJC_WEAK = YES;
				CLANG_WARN_BLOCK_CAPTURE_AUTORELEASING = YES;
				CLANG_WARN_BOOL_CONVERSION = YES;
				CLANG_WARN_COMMA = YES;
				CLANG_WARN_CONSTANT_CONVERSION = YES;
				CLANG_WARN_DEPRECATED_OBJC_IMPLEMENTATIONS = YES;
				CLANG_WARN_DIRECT_OBJC_ISA_USAGE = YES_ERROR;
				CLANG_WARN_DOCUMENTATION_COMMENTS = YES;
				CLANG_WARN_EMPTY_BODY = YES;
				CLANG_WARN_ENUM_CONVERSION = YES;
				CLANG_WARN_INFINITE_RECURSION = YES;
				CLANG_WARN_INT_CONVERSION = YES;
				CLANG_WARN_NON_LITERAL_NULL_CONVERSION = YES;
				CLANG_WARN_OBJC_IMPLICIT_RETAIN_SELF = YES;
				CLANG_WARN_OBJC_LITERAL_CONVERSION = YES;
				CLANG_WARN_OBJC_ROOT_CLASS = YES_ERROR;
				CLANG_WARN_QUOTED_INCLUDE_IN_FRAMEWORK_HEADER = YES;
				CLANG_WARN_RANGE_LOOP_ANALYSIS = YES;
				CLANG_WARN_STRICT_PROTOTYPES = YES;
				CLANG_WARN_SUSPICIOUS_MOVE = YES;
				CLANG_WARN_UNGUARDED_AVAILABILITY = YES_AGGRESSIVE;
				CLANG_WARN_UNREACHABLE_CODE = YES;
				CLANG_WARN__DUPLICATE_METHOD_MATCH = YES;
				COPY_PHASE_STRIP = NO;
				DEBUG_INFORMATION_FORMAT = "dwarf-with-dsym";
				ENABLE_NS_ASSERTIONS = NO;
				ENABLE_STRICT_OBJC_MSGSEND = YES;
				GCC_C_LANGUAGE_STANDARD = gnu11;
				GCC_NO_COMMON_BLOCKS = YES;
				GCC_WARN_64_TO_32_BIT_CONVERSION = YES;
				GCC_WARN_ABOUT_RETURN_TYPE = YES_ERROR;
				GCC_WARN_UNDECLARED_SELECTOR = YES;
				GCC_WARN_UNINITIALIZED_AUTOS = YES_AGGRESSIVE;
				GCC_WARN_UNUSED_FUNCTION = YES;
				GCC_WARN_UNUSED_VARIABLE = YES;
				MACOSX_DEPLOYMENT_TARGET = 11.0;
				MTL_ENABLE_DEBUG_INFO = NO;
				MTL_FAST_MATH = YES;
				OTHER_LDFLAGS = "\"-Xlinker -interposable\"";
				SDKROOT = macosx;
				SWIFT_COMPILATION_MODE = wholemodule;
				SWIFT_OPTIMIZATION_LEVEL = "-O";
			};
			name = "Mac App Store";
		};
		89E0388E2602EC1900B5E4E0 /* Mac App Store */ = {
			isa = XCBuildConfiguration;
			buildSettings = {
				ALWAYS_EMBED_SWIFT_STANDARD_LIBRARIES = YES;
				ASSETCATALOG_COMPILER_APPICON_NAME = AppIcon;
				CODE_SIGN_ENTITLEMENTS = redditweaks/redditweaks.entitlements;
				CODE_SIGN_IDENTITY = "Apple Development";
				CODE_SIGN_STYLE = Manual;
				COMBINE_HIDPI_IMAGES = YES;
				CURRENT_PROJECT_VERSION = 14;
				DEVELOPMENT_TEAM = 2VZ489BR9H;
				ENABLE_HARDENED_RUNTIME = YES;
				INFOPLIST_FILE = redditweaks/Info.plist;
				LD_RUNPATH_SEARCH_PATHS = (
					"$(inherited)",
					"@executable_path/../Frameworks",
				);
				MACOSX_DEPLOYMENT_TARGET = 11.0;
				MARKETING_VERSION = 1.6.4;
				PRODUCT_BUNDLE_IDENTIFIER = com.bermudalocket.redditweaks;
				PRODUCT_NAME = "$(TARGET_NAME)";
				PROVISIONING_PROFILE_SPECIFIER = "";
				SWIFT_VERSION = 5.0;
			};
			name = "Mac App Store";
		};
		89E0388F2602EC1900B5E4E0 /* Mac App Store */ = {
			isa = XCBuildConfiguration;
			baseConfigurationReference = 89E038A72602EE6A00B5E4E0 /* Mac App Store.xcconfig */;
			buildSettings = {
				CODE_SIGN_ENTITLEMENTS = "redditweaks Extension/redditweaks_Extension.entitlements";
				CODE_SIGN_IDENTITY = "Apple Development";
				CODE_SIGN_STYLE = Manual;
				CURRENT_PROJECT_VERSION = 14;
				DEVELOPMENT_TEAM = 2VZ489BR9H;
				ENABLE_HARDENED_RUNTIME = YES;
				INFOPLIST_FILE = "redditweaks Extension/Info.plist";
				LD_RUNPATH_SEARCH_PATHS = (
					"$(inherited)",
					"@executable_path/../Frameworks",
					"@executable_path/../../../../Frameworks",
				);
				MACOSX_DEPLOYMENT_TARGET = 11.0;
				MARKETING_VERSION = 1.6.4;
				OTHER_LDFLAGS = "";
				OTHER_SWIFT_FLAGS = "";
				PRODUCT_BUNDLE_IDENTIFIER = com.bermudalocket.redditweaks.extension;
				PRODUCT_NAME = "$(TARGET_NAME)";
				PROVISIONING_PROFILE_SPECIFIER = "";
				SKIP_INSTALL = YES;
				SWIFT_VERSION = 5.0;
			};
			name = "Mac App Store";
		};
		89E038902602EC1900B5E4E0 /* Mac App Store */ = {
			isa = XCBuildConfiguration;
			buildSettings = {
				BUNDLE_LOADER = "$(TEST_HOST)";
				CLANG_WARN_QUOTED_INCLUDE_IN_FRAMEWORK_HEADER = YES;
				CODE_SIGN_STYLE = Automatic;
				COMBINE_HIDPI_IMAGES = YES;
				DEVELOPMENT_TEAM = 2VZ489BR9H;
				INFOPLIST_FILE = redditweaksTests/Info.plist;
				LD_RUNPATH_SEARCH_PATHS = (
					"$(inherited)",
					"@executable_path/../Frameworks",
					"@loader_path/../Frameworks",
				);
				MACOSX_DEPLOYMENT_TARGET = 11.0;
				PRODUCT_BUNDLE_IDENTIFIER = com.bermudalocket.redditweaksTests;
				PRODUCT_NAME = "$(TARGET_NAME)";
				SWIFT_VERSION = 5.0;
				TEST_HOST = "$(BUILT_PRODUCTS_DIR)/redditweaks.app/Contents/MacOS/redditweaks";
			};
			name = "Mac App Store";
		};
		89E038912602EC1900B5E4E0 /* Mac App Store */ = {
			isa = XCBuildConfiguration;
			buildSettings = {
				CODE_SIGN_STYLE = Automatic;
				COMBINE_HIDPI_IMAGES = YES;
				DEVELOPMENT_TEAM = 2VZ489BR9H;
				INFOPLIST_FILE = redditweaksUITests/Info.plist;
				LD_RUNPATH_SEARCH_PATHS = (
					"$(inherited)",
					"@executable_path/../Frameworks",
					"@loader_path/../Frameworks",
				);
				MACOSX_DEPLOYMENT_TARGET = 11.0;
				PRODUCT_BUNDLE_IDENTIFIER = com.bermudalocket.redditweaksUITests;
				PRODUCT_NAME = "$(TARGET_NAME)";
				SWIFT_VERSION = 5.0;
				TEST_TARGET_NAME = redditweaks;
			};
			name = "Mac App Store";
		};
		99C7C315235D81AA00ABA6EA /* Debug */ = {
			isa = XCBuildConfiguration;
			buildSettings = {
				ALWAYS_SEARCH_USER_PATHS = NO;
				CLANG_ANALYZER_NONNULL = YES;
				CLANG_ANALYZER_NUMBER_OBJECT_CONVERSION = YES_AGGRESSIVE;
				CLANG_CXX_LANGUAGE_STANDARD = "gnu++14";
				CLANG_CXX_LIBRARY = "libc++";
				CLANG_ENABLE_MODULES = YES;
				CLANG_ENABLE_OBJC_ARC = YES;
				CLANG_ENABLE_OBJC_WEAK = YES;
				CLANG_WARN_BLOCK_CAPTURE_AUTORELEASING = YES;
				CLANG_WARN_BOOL_CONVERSION = YES;
				CLANG_WARN_COMMA = YES;
				CLANG_WARN_CONSTANT_CONVERSION = YES;
				CLANG_WARN_DEPRECATED_OBJC_IMPLEMENTATIONS = YES;
				CLANG_WARN_DIRECT_OBJC_ISA_USAGE = YES_ERROR;
				CLANG_WARN_DOCUMENTATION_COMMENTS = YES;
				CLANG_WARN_EMPTY_BODY = YES;
				CLANG_WARN_ENUM_CONVERSION = YES;
				CLANG_WARN_INFINITE_RECURSION = YES;
				CLANG_WARN_INT_CONVERSION = YES;
				CLANG_WARN_NON_LITERAL_NULL_CONVERSION = YES;
				CLANG_WARN_OBJC_IMPLICIT_RETAIN_SELF = YES;
				CLANG_WARN_OBJC_LITERAL_CONVERSION = YES;
				CLANG_WARN_OBJC_ROOT_CLASS = YES_ERROR;
				CLANG_WARN_QUOTED_INCLUDE_IN_FRAMEWORK_HEADER = YES;
				CLANG_WARN_RANGE_LOOP_ANALYSIS = YES;
				CLANG_WARN_STRICT_PROTOTYPES = YES;
				CLANG_WARN_SUSPICIOUS_MOVE = YES;
				CLANG_WARN_UNGUARDED_AVAILABILITY = YES_AGGRESSIVE;
				CLANG_WARN_UNREACHABLE_CODE = YES;
				CLANG_WARN__DUPLICATE_METHOD_MATCH = YES;
				COPY_PHASE_STRIP = NO;
				DEBUG_INFORMATION_FORMAT = dwarf;
				ENABLE_STRICT_OBJC_MSGSEND = YES;
				ENABLE_TESTABILITY = YES;
				GCC_C_LANGUAGE_STANDARD = gnu11;
				GCC_DYNAMIC_NO_PIC = NO;
				GCC_NO_COMMON_BLOCKS = YES;
				GCC_OPTIMIZATION_LEVEL = 0;
				GCC_PREPROCESSOR_DEFINITIONS = (
					"DEBUG=1",
					"$(inherited)",
				);
				GCC_WARN_64_TO_32_BIT_CONVERSION = YES;
				GCC_WARN_ABOUT_RETURN_TYPE = YES_ERROR;
				GCC_WARN_UNDECLARED_SELECTOR = YES;
				GCC_WARN_UNINITIALIZED_AUTOS = YES_AGGRESSIVE;
				GCC_WARN_UNUSED_FUNCTION = YES;
				GCC_WARN_UNUSED_VARIABLE = YES;
				MACOSX_DEPLOYMENT_TARGET = 11.0;
				MTL_ENABLE_DEBUG_INFO = INCLUDE_SOURCE;
				MTL_FAST_MATH = YES;
				ONLY_ACTIVE_ARCH = YES;
				OTHER_LDFLAGS = "\"-Xlinker -interposable\"";
				SDKROOT = macosx;
				SWIFT_ACTIVE_COMPILATION_CONDITIONS = DEBUG;
				SWIFT_OPTIMIZATION_LEVEL = "-Onone";
			};
			name = Debug;
		};
		99C7C316235D81AA00ABA6EA /* Release */ = {
			isa = XCBuildConfiguration;
			buildSettings = {
				ALWAYS_SEARCH_USER_PATHS = NO;
				CLANG_ANALYZER_NONNULL = YES;
				CLANG_ANALYZER_NUMBER_OBJECT_CONVERSION = YES_AGGRESSIVE;
				CLANG_CXX_LANGUAGE_STANDARD = "gnu++14";
				CLANG_CXX_LIBRARY = "libc++";
				CLANG_ENABLE_MODULES = YES;
				CLANG_ENABLE_OBJC_ARC = YES;
				CLANG_ENABLE_OBJC_WEAK = YES;
				CLANG_WARN_BLOCK_CAPTURE_AUTORELEASING = YES;
				CLANG_WARN_BOOL_CONVERSION = YES;
				CLANG_WARN_COMMA = YES;
				CLANG_WARN_CONSTANT_CONVERSION = YES;
				CLANG_WARN_DEPRECATED_OBJC_IMPLEMENTATIONS = YES;
				CLANG_WARN_DIRECT_OBJC_ISA_USAGE = YES_ERROR;
				CLANG_WARN_DOCUMENTATION_COMMENTS = YES;
				CLANG_WARN_EMPTY_BODY = YES;
				CLANG_WARN_ENUM_CONVERSION = YES;
				CLANG_WARN_INFINITE_RECURSION = YES;
				CLANG_WARN_INT_CONVERSION = YES;
				CLANG_WARN_NON_LITERAL_NULL_CONVERSION = YES;
				CLANG_WARN_OBJC_IMPLICIT_RETAIN_SELF = YES;
				CLANG_WARN_OBJC_LITERAL_CONVERSION = YES;
				CLANG_WARN_OBJC_ROOT_CLASS = YES_ERROR;
				CLANG_WARN_QUOTED_INCLUDE_IN_FRAMEWORK_HEADER = YES;
				CLANG_WARN_RANGE_LOOP_ANALYSIS = YES;
				CLANG_WARN_STRICT_PROTOTYPES = YES;
				CLANG_WARN_SUSPICIOUS_MOVE = YES;
				CLANG_WARN_UNGUARDED_AVAILABILITY = YES_AGGRESSIVE;
				CLANG_WARN_UNREACHABLE_CODE = YES;
				CLANG_WARN__DUPLICATE_METHOD_MATCH = YES;
				COPY_PHASE_STRIP = NO;
				DEBUG_INFORMATION_FORMAT = "dwarf-with-dsym";
				ENABLE_NS_ASSERTIONS = NO;
				ENABLE_STRICT_OBJC_MSGSEND = YES;
				GCC_C_LANGUAGE_STANDARD = gnu11;
				GCC_NO_COMMON_BLOCKS = YES;
				GCC_WARN_64_TO_32_BIT_CONVERSION = YES;
				GCC_WARN_ABOUT_RETURN_TYPE = YES_ERROR;
				GCC_WARN_UNDECLARED_SELECTOR = YES;
				GCC_WARN_UNINITIALIZED_AUTOS = YES_AGGRESSIVE;
				GCC_WARN_UNUSED_FUNCTION = YES;
				GCC_WARN_UNUSED_VARIABLE = YES;
				MACOSX_DEPLOYMENT_TARGET = 11.0;
				MTL_ENABLE_DEBUG_INFO = NO;
				MTL_FAST_MATH = YES;
				OTHER_LDFLAGS = "\"-Xlinker -interposable\"";
				SDKROOT = macosx;
				SWIFT_COMPILATION_MODE = wholemodule;
				SWIFT_OPTIMIZATION_LEVEL = "-O";
			};
			name = Release;
		};
		99C7C318235D81AA00ABA6EA /* Debug */ = {
			isa = XCBuildConfiguration;
			baseConfigurationReference = 89E038A82602EFAE00B5E4E0 /* GitHub Release.xcconfig */;
			buildSettings = {
				CODE_SIGN_ENTITLEMENTS = "redditweaks Extension/redditweaks_Extension.entitlements";
				CODE_SIGN_IDENTITY = "Apple Development";
				CODE_SIGN_STYLE = Manual;
				CURRENT_PROJECT_VERSION = 14;
				DEVELOPMENT_TEAM = 2VZ489BR9H;
				ENABLE_HARDENED_RUNTIME = YES;
				INFOPLIST_FILE = "redditweaks Extension/Info.plist";
				LD_RUNPATH_SEARCH_PATHS = (
					"$(inherited)",
					"@executable_path/../Frameworks",
					"@executable_path/../../../../Frameworks",
				);
				MACOSX_DEPLOYMENT_TARGET = 11.0;
				MARKETING_VERSION = 1.6.4;
				OTHER_LDFLAGS = "";
				OTHER_SWIFT_FLAGS = "";
				PRODUCT_BUNDLE_IDENTIFIER = com.bermudalocket.redditweaks.extension;
				PRODUCT_NAME = "$(TARGET_NAME)";
				PROVISIONING_PROFILE_SPECIFIER = "";
				SKIP_INSTALL = YES;
				SWIFT_VERSION = 5.0;
			};
			name = Debug;
		};
		99C7C319235D81AA00ABA6EA /* Release */ = {
			isa = XCBuildConfiguration;
			baseConfigurationReference = 89E038A82602EFAE00B5E4E0 /* GitHub Release.xcconfig */;
			buildSettings = {
				CODE_SIGN_ENTITLEMENTS = "redditweaks Extension/redditweaks_Extension.entitlements";
				CODE_SIGN_IDENTITY = "Apple Development";
				CODE_SIGN_STYLE = Manual;
				CURRENT_PROJECT_VERSION = 14;
				DEVELOPMENT_TEAM = 2VZ489BR9H;
				ENABLE_HARDENED_RUNTIME = YES;
				INFOPLIST_FILE = "redditweaks Extension/Info.plist";
				LD_RUNPATH_SEARCH_PATHS = (
					"$(inherited)",
					"@executable_path/../Frameworks",
					"@executable_path/../../../../Frameworks",
				);
				MACOSX_DEPLOYMENT_TARGET = 11.0;
				MARKETING_VERSION = 1.6.4;
				OTHER_LDFLAGS = "";
				OTHER_SWIFT_FLAGS = "";
				PRODUCT_BUNDLE_IDENTIFIER = com.bermudalocket.redditweaks.extension;
				PRODUCT_NAME = "$(TARGET_NAME)";
				PROVISIONING_PROFILE_SPECIFIER = "";
				SKIP_INSTALL = YES;
				SWIFT_VERSION = 5.0;
			};
			name = Release;
		};
		99C7C31C235D81AA00ABA6EA /* Debug */ = {
			isa = XCBuildConfiguration;
			buildSettings = {
				ALWAYS_EMBED_SWIFT_STANDARD_LIBRARIES = YES;
				ASSETCATALOG_COMPILER_APPICON_NAME = AppIcon;
				CODE_SIGN_ENTITLEMENTS = redditweaks/redditweaks.entitlements;
				CODE_SIGN_IDENTITY = "Apple Development";
				CODE_SIGN_STYLE = Manual;
				COMBINE_HIDPI_IMAGES = YES;
				CURRENT_PROJECT_VERSION = 14;
				DEVELOPMENT_TEAM = 2VZ489BR9H;
				ENABLE_HARDENED_RUNTIME = YES;
				INFOPLIST_FILE = redditweaks/Info.plist;
				LD_RUNPATH_SEARCH_PATHS = (
					"$(inherited)",
					"@executable_path/../Frameworks",
				);
				MACOSX_DEPLOYMENT_TARGET = 11.0;
				MARKETING_VERSION = 1.6.4;
				PRODUCT_BUNDLE_IDENTIFIER = com.bermudalocket.redditweaks;
				PRODUCT_NAME = "$(TARGET_NAME)";
				PROVISIONING_PROFILE_SPECIFIER = "";
				SWIFT_VERSION = 5.0;
			};
			name = Debug;
		};
		99C7C31D235D81AA00ABA6EA /* Release */ = {
			isa = XCBuildConfiguration;
			buildSettings = {
				ALWAYS_EMBED_SWIFT_STANDARD_LIBRARIES = YES;
				ASSETCATALOG_COMPILER_APPICON_NAME = AppIcon;
				CODE_SIGN_ENTITLEMENTS = redditweaks/redditweaks.entitlements;
				CODE_SIGN_IDENTITY = "Apple Development";
				CODE_SIGN_STYLE = Manual;
				COMBINE_HIDPI_IMAGES = YES;
				CURRENT_PROJECT_VERSION = 14;
				DEVELOPMENT_TEAM = 2VZ489BR9H;
				ENABLE_HARDENED_RUNTIME = YES;
				INFOPLIST_FILE = redditweaks/Info.plist;
				LD_RUNPATH_SEARCH_PATHS = (
					"$(inherited)",
					"@executable_path/../Frameworks",
				);
				MACOSX_DEPLOYMENT_TARGET = 11.0;
				MARKETING_VERSION = 1.6.4;
				PRODUCT_BUNDLE_IDENTIFIER = com.bermudalocket.redditweaks;
				PRODUCT_NAME = "$(TARGET_NAME)";
				PROVISIONING_PROFILE_SPECIFIER = "";
				SWIFT_VERSION = 5.0;
			};
			name = Release;
		};
/* End XCBuildConfiguration section */

/* Begin XCConfigurationList section */
		895233C624A6AC0300B72CE8 /* Build configuration list for PBXNativeTarget "redditweaksTests" */ = {
			isa = XCConfigurationList;
			buildConfigurations = (
				895233C724A6AC0300B72CE8 /* Debug */,
				895233C824A6AC0300B72CE8 /* Release */,
				89E038902602EC1900B5E4E0 /* Mac App Store */,
			);
			defaultConfigurationIsVisible = 0;
			defaultConfigurationName = Release;
		};
		89DD692724AA8AE800599B28 /* Build configuration list for PBXNativeTarget "redditweaksUITests" */ = {
			isa = XCConfigurationList;
			buildConfigurations = (
				89DD692824AA8AE800599B28 /* Debug */,
				89DD692924AA8AE800599B28 /* Release */,
				89E038912602EC1900B5E4E0 /* Mac App Store */,
			);
			defaultConfigurationIsVisible = 0;
			defaultConfigurationName = Release;
		};
		99C7C2E8235D81A700ABA6EA /* Build configuration list for PBXProject "redditweaks" */ = {
			isa = XCConfigurationList;
			buildConfigurations = (
				99C7C315235D81AA00ABA6EA /* Debug */,
				99C7C316235D81AA00ABA6EA /* Release */,
				89E0388D2602EC1900B5E4E0 /* Mac App Store */,
			);
			defaultConfigurationIsVisible = 0;
			defaultConfigurationName = Release;
		};
		99C7C317235D81AA00ABA6EA /* Build configuration list for PBXNativeTarget "Tweaks for Reddit Extension" */ = {
			isa = XCConfigurationList;
			buildConfigurations = (
				99C7C318235D81AA00ABA6EA /* Debug */,
				99C7C319235D81AA00ABA6EA /* Release */,
				89E0388F2602EC1900B5E4E0 /* Mac App Store */,
			);
			defaultConfigurationIsVisible = 0;
			defaultConfigurationName = Release;
		};
		99C7C31B235D81AA00ABA6EA /* Build configuration list for PBXNativeTarget "Tweaks for Reddit" */ = {
			isa = XCConfigurationList;
			buildConfigurations = (
				99C7C31C235D81AA00ABA6EA /* Debug */,
				99C7C31D235D81AA00ABA6EA /* Release */,
				89E0388E2602EC1900B5E4E0 /* Mac App Store */,
			);
			defaultConfigurationIsVisible = 0;
			defaultConfigurationName = Release;
		};
/* End XCConfigurationList section */
	};
	rootObject = 99C7C2E5235D81A700ABA6EA /* Project object */;
}
