// !$*UTF8*$!
{
	archiveVersion = 1;
	classes = {
	};
	objectVersion = 52;
	objects = {

/* Begin PBXBuildFile section */
		8914CDA824B6B7D40015E4C4 /* FavoriteSubredditView.swift in Sources */ = {isa = PBXBuildFile; fileRef = 8914CDA724B6B7D40015E4C4 /* FavoriteSubredditView.swift */; };
		891DE84B245E008D004F3630 /* SnapKit in Frameworks */ = {isa = PBXBuildFile; productRef = 891DE84A245E008D004F3630 /* SnapKit */; };
		894559D924A9312B00C70CF1 /* SpinnerView.swift in Sources */ = {isa = PBXBuildFile; fileRef = 894559D824A9312B00C70CF1 /* SpinnerView.swift */; };
		894559DC24A9315D00C70CF1 /* RedditTokenResponse.swift in Sources */ = {isa = PBXBuildFile; fileRef = 894559DB24A9315D00C70CF1 /* RedditTokenResponse.swift */; };
		894559DF24A9317500C70CF1 /* Notification.Name.swift in Sources */ = {isa = PBXBuildFile; fileRef = 894559DE24A9317500C70CF1 /* Notification.Name.swift */; };
		894559E124A9319900C70CF1 /* RedditAuthResponse.swift in Sources */ = {isa = PBXBuildFile; fileRef = 894559E024A9319900C70CF1 /* RedditAuthResponse.swift */; };
		894559E324A931AA00C70CF1 /* URL+queryParameters.swift in Sources */ = {isa = PBXBuildFile; fileRef = 894559E224A931AA00C70CF1 /* URL+queryParameters.swift */; };
		894559E524A93D0700C70CF1 /* API.swift in Sources */ = {isa = PBXBuildFile; fileRef = 894559E424A93D0700C70CF1 /* API.swift */; };
		894559E924A952F200C70CF1 /* WebViewRepresentable.swift in Sources */ = {isa = PBXBuildFile; fileRef = 894559E824A952F200C70CF1 /* WebViewRepresentable.swift */; };
		894559EB24A97F9900C70CF1 /* Data+prettyPrinted.swift in Sources */ = {isa = PBXBuildFile; fileRef = 894559EA24A97F9900C70CF1 /* Data+prettyPrinted.swift */; };
		894559ED24A986C500C70CF1 /* API.swift in Sources */ = {isa = PBXBuildFile; fileRef = 894559E424A93D0700C70CF1 /* API.swift */; };
		894559EE24A9870300C70CF1 /* RedditTokenResponse.swift in Sources */ = {isa = PBXBuildFile; fileRef = 894559DB24A9315D00C70CF1 /* RedditTokenResponse.swift */; };
		894559EF24A9870500C70CF1 /* RedditAuthResponse.swift in Sources */ = {isa = PBXBuildFile; fileRef = 894559E024A9319900C70CF1 /* RedditAuthResponse.swift */; };
		894559F024A9872400C70CF1 /* Data+prettyPrinted.swift in Sources */ = {isa = PBXBuildFile; fileRef = 894559EA24A97F9900C70CF1 /* Data+prettyPrinted.swift */; };
		8949C04623DD582D002CF0C0 /* LICENSE in Resources */ = {isa = PBXBuildFile; fileRef = 8949C04223DD5810002CF0C0 /* LICENSE */; };
		8949C04723DD582E002CF0C0 /* LICENSE in Resources */ = {isa = PBXBuildFile; fileRef = 8949C04223DD5810002CF0C0 /* LICENSE */; };
		8949C04923DD5C91002CF0C0 /* preview.png in Resources */ = {isa = PBXBuildFile; fileRef = 8949C04823DD5C90002CF0C0 /* preview.png */; };
		895233B924A6A33C00B72CE8 /* .swiftlint.yml in Resources */ = {isa = PBXBuildFile; fileRef = 895233B824A6A33C00B72CE8 /* .swiftlint.yml */; };
		895233BA24A6A33C00B72CE8 /* .swiftlint.yml in Resources */ = {isa = PBXBuildFile; fileRef = 895233B824A6A33C00B72CE8 /* .swiftlint.yml */; };
		895233C224A6AC0300B72CE8 /* redditweaksTests.swift in Sources */ = {isa = PBXBuildFile; fileRef = 895233C124A6AC0300B72CE8 /* redditweaksTests.swift */; };
		895A8ED023DD4548000CD345 /* new-toolbar.pdf in Resources */ = {isa = PBXBuildFile; fileRef = 895A8ECF23DD4548000CD345 /* new-toolbar.pdf */; };
		8982998924B4057B0063FFE9 /* FeatureToggleView.swift in Sources */ = {isa = PBXBuildFile; fileRef = 8982998824B4057B0063FFE9 /* FeatureToggleView.swift */; };
		8982998B24B4059C0063FFE9 /* PopoverView.swift in Sources */ = {isa = PBXBuildFile; fileRef = 8982998A24B4059C0063FFE9 /* PopoverView.swift */; };
		8982998D24B405BC0063FFE9 /* PopoverViewWrapper.swift in Sources */ = {isa = PBXBuildFile; fileRef = 8982998C24B405BC0063FFE9 /* PopoverViewWrapper.swift */; };
		8983812123DBF892004F4BA7 /* jquery-3.4.1.min.js in Resources */ = {isa = PBXBuildFile; fileRef = 8983812023DBF892004F4BA7 /* jquery-3.4.1.min.js */; };
		8983812323DBFF81004F4BA7 /* NSControl.StateValue+fromBool.swift in Sources */ = {isa = PBXBuildFile; fileRef = 8983812223DBFF81004F4BA7 /* NSControl.StateValue+fromBool.swift */; };
		89C02DAD24A7C0D000B37744 /* Main.storyboard in Resources */ = {isa = PBXBuildFile; fileRef = 89C02DAC24A7C0D000B37744 /* Main.storyboard */; };
		89CD1389245E08BF00A8D3E4 /* SnapKit in Frameworks */ = {isa = PBXBuildFile; productRef = 89CD1388245E08BF00A8D3E4 /* SnapKit */; };
		89CD138B245E153200A8D3E4 /* SafariExtensionHandler.swift in Sources */ = {isa = PBXBuildFile; fileRef = 89CD138A245E153200A8D3E4 /* SafariExtensionHandler.swift */; };
		89DD691A24AA84DB00599B28 /* RedditAuthState.swift in Sources */ = {isa = PBXBuildFile; fileRef = 89DD691924AA84DB00599B28 /* RedditAuthState.swift */; };
		89DD691B24AA84DB00599B28 /* RedditAuthState.swift in Sources */ = {isa = PBXBuildFile; fileRef = 89DD691924AA84DB00599B28 /* RedditAuthState.swift */; };
		89DD692324AA8AE800599B28 /* redditweaksUITests.swift in Sources */ = {isa = PBXBuildFile; fileRef = 89DD692224AA8AE800599B28 /* redditweaksUITests.swift */; };
		89E4F57323DCF79600F72DDD /* Feature.swift in Sources */ = {isa = PBXBuildFile; fileRef = C96A6649FD5348AC8CA9E48B /* Feature.swift */; };
		99A81B7D236FBD42006D4A61 /* toolbar.pdf in Resources */ = {isa = PBXBuildFile; fileRef = 99A81B7C236FBD42006D4A61 /* toolbar.pdf */; };
		99C7C2F1235D81A700ABA6EA /* redditweaks.entitlements in Resources */ = {isa = PBXBuildFile; fileRef = 99C7C2F0235D81A700ABA6EA /* redditweaks.entitlements */; };
		99C7C2F3235D81A700ABA6EA /* AppDelegate.swift in Sources */ = {isa = PBXBuildFile; fileRef = 99C7C2F2235D81A700ABA6EA /* AppDelegate.swift */; };
		99C7C2F8235D81A700ABA6EA /* MainAppView.swift in Sources */ = {isa = PBXBuildFile; fileRef = 99C7C2F7235D81A700ABA6EA /* MainAppView.swift */; };
		99C7C2FA235D81AA00ABA6EA /* Assets.xcassets in Resources */ = {isa = PBXBuildFile; fileRef = 99C7C2F9235D81AA00ABA6EA /* Assets.xcassets */; };
		99C7C301235D81AA00ABA6EA /* redditweaks Extension.appex in Embed App Extensions */ = {isa = PBXBuildFile; fileRef = 99C7C300235D81AA00ABA6EA /* redditweaks Extension.appex */; settings = {ATTRIBUTES = (RemoveHeadersOnCopy, ); }; };
		99C7C306235D81AA00ABA6EA /* Cocoa.framework in Frameworks */ = {isa = PBXBuildFile; fileRef = 99C7C305235D81AA00ABA6EA /* Cocoa.framework */; };
		99C7C311235D81AA00ABA6EA /* redditweaks-script.js in Resources */ = {isa = PBXBuildFile; fileRef = 99C7C310235D81AA00ABA6EA /* redditweaks-script.js */; };
/* End PBXBuildFile section */

/* Begin PBXContainerItemProxy section */
		895233C424A6AC0300B72CE8 /* PBXContainerItemProxy */ = {
			isa = PBXContainerItemProxy;
			containerPortal = 99C7C2E5235D81A700ABA6EA /* Project object */;
			proxyType = 1;
			remoteGlobalIDString = 99C7C2EC235D81A700ABA6EA;
			remoteInfo = redditweaks;
		};
		89DD692524AA8AE800599B28 /* PBXContainerItemProxy */ = {
			isa = PBXContainerItemProxy;
			containerPortal = 99C7C2E5235D81A700ABA6EA /* Project object */;
			proxyType = 1;
			remoteGlobalIDString = 99C7C2EC235D81A700ABA6EA;
			remoteInfo = redditweaks;
		};
		99C7C302235D81AA00ABA6EA /* PBXContainerItemProxy */ = {
			isa = PBXContainerItemProxy;
			containerPortal = 99C7C2E5235D81A700ABA6EA /* Project object */;
			proxyType = 1;
			remoteGlobalIDString = 99C7C2FF235D81AA00ABA6EA;
			remoteInfo = "redditweaks2 Extension";
		};
/* End PBXContainerItemProxy section */

/* Begin PBXCopyFilesBuildPhase section */
		99C7C31A235D81AA00ABA6EA /* Embed App Extensions */ = {
			isa = PBXCopyFilesBuildPhase;
			buildActionMask = 2147483647;
			dstPath = "";
			dstSubfolderSpec = 13;
			files = (
				99C7C301235D81AA00ABA6EA /* redditweaks Extension.appex in Embed App Extensions */,
			);
			name = "Embed App Extensions";
			runOnlyForDeploymentPostprocessing = 0;
		};
/* End PBXCopyFilesBuildPhase section */

/* Begin PBXFileReference section */
		8914CDA724B6B7D40015E4C4 /* FavoriteSubredditView.swift */ = {isa = PBXFileReference; lastKnownFileType = sourcecode.swift; path = FavoriteSubredditView.swift; sourceTree = "<group>"; };
		894559D824A9312B00C70CF1 /* SpinnerView.swift */ = {isa = PBXFileReference; lastKnownFileType = sourcecode.swift; path = SpinnerView.swift; sourceTree = "<group>"; };
		894559DB24A9315D00C70CF1 /* RedditTokenResponse.swift */ = {isa = PBXFileReference; lastKnownFileType = sourcecode.swift; path = RedditTokenResponse.swift; sourceTree = "<group>"; };
		894559DE24A9317500C70CF1 /* Notification.Name.swift */ = {isa = PBXFileReference; lastKnownFileType = sourcecode.swift; path = Notification.Name.swift; sourceTree = "<group>"; };
		894559E024A9319900C70CF1 /* RedditAuthResponse.swift */ = {isa = PBXFileReference; lastKnownFileType = sourcecode.swift; path = RedditAuthResponse.swift; sourceTree = "<group>"; };
		894559E224A931AA00C70CF1 /* URL+queryParameters.swift */ = {isa = PBXFileReference; lastKnownFileType = sourcecode.swift; path = "URL+queryParameters.swift"; sourceTree = "<group>"; };
		894559E424A93D0700C70CF1 /* API.swift */ = {isa = PBXFileReference; lastKnownFileType = sourcecode.swift; path = API.swift; sourceTree = "<group>"; };
		894559E824A952F200C70CF1 /* WebViewRepresentable.swift */ = {isa = PBXFileReference; lastKnownFileType = sourcecode.swift; path = WebViewRepresentable.swift; sourceTree = "<group>"; };
		894559EA24A97F9900C70CF1 /* Data+prettyPrinted.swift */ = {isa = PBXFileReference; lastKnownFileType = sourcecode.swift; path = "Data+prettyPrinted.swift"; sourceTree = "<group>"; };
		8949C04223DD5810002CF0C0 /* LICENSE */ = {isa = PBXFileReference; fileEncoding = 4; lastKnownFileType = text; path = LICENSE; sourceTree = SOURCE_ROOT; };
		8949C04823DD5C90002CF0C0 /* preview.png */ = {isa = PBXFileReference; lastKnownFileType = image.png; path = preview.png; sourceTree = "<group>"; };
		895233B824A6A33C00B72CE8 /* .swiftlint.yml */ = {isa = PBXFileReference; lastKnownFileType = text.yaml; path = .swiftlint.yml; sourceTree = "<group>"; };
		895233BF24A6AC0300B72CE8 /* redditweaksTests.xctest */ = {isa = PBXFileReference; explicitFileType = wrapper.cfbundle; includeInIndex = 0; path = redditweaksTests.xctest; sourceTree = BUILT_PRODUCTS_DIR; };
		895233C124A6AC0300B72CE8 /* redditweaksTests.swift */ = {isa = PBXFileReference; lastKnownFileType = sourcecode.swift; path = redditweaksTests.swift; sourceTree = "<group>"; };
		895233C324A6AC0300B72CE8 /* Info.plist */ = {isa = PBXFileReference; lastKnownFileType = text.plist.xml; path = Info.plist; sourceTree = "<group>"; };
		895A8ECF23DD4548000CD345 /* new-toolbar.pdf */ = {isa = PBXFileReference; lastKnownFileType = image.pdf; path = "new-toolbar.pdf"; sourceTree = "<group>"; };
		8982998824B4057B0063FFE9 /* FeatureToggleView.swift */ = {isa = PBXFileReference; lastKnownFileType = sourcecode.swift; path = FeatureToggleView.swift; sourceTree = "<group>"; };
		8982998A24B4059C0063FFE9 /* PopoverView.swift */ = {isa = PBXFileReference; lastKnownFileType = sourcecode.swift; path = PopoverView.swift; sourceTree = "<group>"; };
		8982998C24B405BC0063FFE9 /* PopoverViewWrapper.swift */ = {isa = PBXFileReference; lastKnownFileType = sourcecode.swift; path = PopoverViewWrapper.swift; sourceTree = "<group>"; };
		8983812023DBF892004F4BA7 /* jquery-3.4.1.min.js */ = {isa = PBXFileReference; fileEncoding = 4; lastKnownFileType = sourcecode.javascript; path = "jquery-3.4.1.min.js"; sourceTree = "<group>"; };
		8983812223DBFF81004F4BA7 /* NSControl.StateValue+fromBool.swift */ = {isa = PBXFileReference; lastKnownFileType = sourcecode.swift; path = "NSControl.StateValue+fromBool.swift"; sourceTree = "<group>"; };
		89C02DAC24A7C0D000B37744 /* Main.storyboard */ = {isa = PBXFileReference; fileEncoding = 4; lastKnownFileType = file.storyboard; path = Main.storyboard; sourceTree = "<group>"; };
		89CD138A245E153200A8D3E4 /* SafariExtensionHandler.swift */ = {isa = PBXFileReference; lastKnownFileType = sourcecode.swift; path = SafariExtensionHandler.swift; sourceTree = "<group>"; };
		89DD691924AA84DB00599B28 /* RedditAuthState.swift */ = {isa = PBXFileReference; lastKnownFileType = sourcecode.swift; path = RedditAuthState.swift; sourceTree = "<group>"; };
		89DD692024AA8AE800599B28 /* redditweaksUITests.xctest */ = {isa = PBXFileReference; explicitFileType = wrapper.cfbundle; includeInIndex = 0; path = redditweaksUITests.xctest; sourceTree = BUILT_PRODUCTS_DIR; };
		89DD692224AA8AE800599B28 /* redditweaksUITests.swift */ = {isa = PBXFileReference; lastKnownFileType = sourcecode.swift; path = redditweaksUITests.swift; sourceTree = "<group>"; };
		89DD692424AA8AE800599B28 /* Info.plist */ = {isa = PBXFileReference; lastKnownFileType = text.plist.xml; path = Info.plist; sourceTree = "<group>"; };
		99A81B7C236FBD42006D4A61 /* toolbar.pdf */ = {isa = PBXFileReference; lastKnownFileType = image.pdf; path = toolbar.pdf; sourceTree = "<group>"; };
		99C7C2ED235D81A700ABA6EA /* redditweaks.app */ = {isa = PBXFileReference; explicitFileType = wrapper.application; includeInIndex = 0; path = redditweaks.app; sourceTree = BUILT_PRODUCTS_DIR; };
		99C7C2F0235D81A700ABA6EA /* redditweaks.entitlements */ = {isa = PBXFileReference; lastKnownFileType = text.plist.entitlements; path = redditweaks.entitlements; sourceTree = "<group>"; };
		99C7C2F2235D81A700ABA6EA /* AppDelegate.swift */ = {isa = PBXFileReference; lastKnownFileType = sourcecode.swift; path = AppDelegate.swift; sourceTree = "<group>"; };
		99C7C2F7235D81A700ABA6EA /* MainAppView.swift */ = {isa = PBXFileReference; lastKnownFileType = sourcecode.swift; path = MainAppView.swift; sourceTree = "<group>"; };
		99C7C2F9235D81AA00ABA6EA /* Assets.xcassets */ = {isa = PBXFileReference; lastKnownFileType = folder.assetcatalog; path = Assets.xcassets; sourceTree = "<group>"; };
		99C7C2FB235D81AA00ABA6EA /* Info.plist */ = {isa = PBXFileReference; lastKnownFileType = text.plist.xml; path = Info.plist; sourceTree = "<group>"; };
		99C7C300235D81AA00ABA6EA /* redditweaks Extension.appex */ = {isa = PBXFileReference; explicitFileType = "wrapper.app-extension"; includeInIndex = 0; path = "redditweaks Extension.appex"; sourceTree = BUILT_PRODUCTS_DIR; };
		99C7C305235D81AA00ABA6EA /* Cocoa.framework */ = {isa = PBXFileReference; lastKnownFileType = wrapper.framework; name = Cocoa.framework; path = System/Library/Frameworks/Cocoa.framework; sourceTree = SDKROOT; };
		99C7C30F235D81AA00ABA6EA /* Info.plist */ = {isa = PBXFileReference; lastKnownFileType = text.plist.xml; path = Info.plist; sourceTree = "<group>"; };
		99C7C310235D81AA00ABA6EA /* redditweaks-script.js */ = {isa = PBXFileReference; lastKnownFileType = sourcecode.javascript; path = "redditweaks-script.js"; sourceTree = "<group>"; };
		99C7C314235D81AA00ABA6EA /* redditweaks_Extension.entitlements */ = {isa = PBXFileReference; lastKnownFileType = text.plist.entitlements; path = redditweaks_Extension.entitlements; sourceTree = "<group>"; };
		C96A6649FD5348AC8CA9E48B /* Feature.swift */ = {isa = PBXFileReference; fileEncoding = 4; lastKnownFileType = sourcecode.swift; path = Feature.swift; sourceTree = "<group>"; };
/* End PBXFileReference section */

/* Begin PBXFrameworksBuildPhase section */
		895233BC24A6AC0300B72CE8 /* Frameworks */ = {
			isa = PBXFrameworksBuildPhase;
			buildActionMask = 2147483647;
			files = (
			);
			runOnlyForDeploymentPostprocessing = 0;
		};
		89DD691D24AA8AE800599B28 /* Frameworks */ = {
			isa = PBXFrameworksBuildPhase;
			buildActionMask = 2147483647;
			files = (
			);
			runOnlyForDeploymentPostprocessing = 0;
		};
		99C7C2EA235D81A700ABA6EA /* Frameworks */ = {
			isa = PBXFrameworksBuildPhase;
			buildActionMask = 2147483647;
			files = (
				891DE84B245E008D004F3630 /* SnapKit in Frameworks */,
			);
			runOnlyForDeploymentPostprocessing = 0;
		};
		99C7C2FD235D81AA00ABA6EA /* Frameworks */ = {
			isa = PBXFrameworksBuildPhase;
			buildActionMask = 2147483647;
			files = (
				99C7C306235D81AA00ABA6EA /* Cocoa.framework in Frameworks */,
				89CD1389245E08BF00A8D3E4 /* SnapKit in Frameworks */,
			);
			runOnlyForDeploymentPostprocessing = 0;
		};
/* End PBXFrameworksBuildPhase section */

/* Begin PBXGroup section */
		894559DA24A9315500C70CF1 /* Model */ = {
			isa = PBXGroup;
			children = (
			);
			path = Model;
			sourceTree = "<group>";
		};
		894559DD24A9316800C70CF1 /* Extension */ = {
			isa = PBXGroup;
			children = (
				894559DE24A9317500C70CF1 /* Notification.Name.swift */,
				894559E224A931AA00C70CF1 /* URL+queryParameters.swift */,
			);
			path = Extension;
			sourceTree = "<group>";
		};
		894559E724A952DE00C70CF1 /* View */ = {
			isa = PBXGroup;
			children = (
				894559D824A9312B00C70CF1 /* SpinnerView.swift */,
				894559E824A952F200C70CF1 /* WebViewRepresentable.swift */,
			);
			path = View;
			sourceTree = "<group>";
		};
		894559EC24A986B000C70CF1 /* shared */ = {
			isa = PBXGroup;
			children = (
				894559E424A93D0700C70CF1 /* API.swift */,
				894559DB24A9315D00C70CF1 /* RedditTokenResponse.swift */,
				894559E024A9319900C70CF1 /* RedditAuthResponse.swift */,
				894559EA24A97F9900C70CF1 /* Data+prettyPrinted.swift */,
				89DD691924AA84DB00599B28 /* RedditAuthState.swift */,
			);
			path = shared;
			sourceTree = "<group>";
		};
		895233C024A6AC0300B72CE8 /* redditweaksTests */ = {
			isa = PBXGroup;
			children = (
				895233C124A6AC0300B72CE8 /* redditweaksTests.swift */,
				895233C324A6AC0300B72CE8 /* Info.plist */,
			);
			path = redditweaksTests;
			sourceTree = "<group>";
		};
		89DD692124AA8AE800599B28 /* redditweaksUITests */ = {
			isa = PBXGroup;
			children = (
				89DD692224AA8AE800599B28 /* redditweaksUITests.swift */,
				89DD692424AA8AE800599B28 /* Info.plist */,
			);
			path = redditweaksUITests;
			sourceTree = "<group>";
		};
		99C7C2E4235D81A700ABA6EA = {
			isa = PBXGroup;
			children = (
				895233B824A6A33C00B72CE8 /* .swiftlint.yml */,
				8949C04223DD5810002CF0C0 /* LICENSE */,
				894559EC24A986B000C70CF1 /* shared */,
				99C7C2EF235D81A700ABA6EA /* redditweaks */,
				99C7C307235D81AA00ABA6EA /* redditweaks Extension */,
				895233C024A6AC0300B72CE8 /* redditweaksTests */,
				89DD692124AA8AE800599B28 /* redditweaksUITests */,
				99C7C304235D81AA00ABA6EA /* Frameworks */,
				99C7C2EE235D81A700ABA6EA /* Products */,
			);
			sourceTree = "<group>";
		};
		99C7C2EE235D81A700ABA6EA /* Products */ = {
			isa = PBXGroup;
			children = (
				99C7C2ED235D81A700ABA6EA /* redditweaks.app */,
				99C7C300235D81AA00ABA6EA /* redditweaks Extension.appex */,
				895233BF24A6AC0300B72CE8 /* redditweaksTests.xctest */,
				89DD692024AA8AE800599B28 /* redditweaksUITests.xctest */,
			);
			name = Products;
			sourceTree = "<group>";
		};
		99C7C2EF235D81A700ABA6EA /* redditweaks */ = {
			isa = PBXGroup;
			children = (
				8949C04823DD5C90002CF0C0 /* preview.png */,
				99C7C2F0235D81A700ABA6EA /* redditweaks.entitlements */,
				99C7C2F2235D81A700ABA6EA /* AppDelegate.swift */,
				99C7C2F7235D81A700ABA6EA /* MainAppView.swift */,
				894559E724A952DE00C70CF1 /* View */,
				894559DD24A9316800C70CF1 /* Extension */,
				894559DA24A9315500C70CF1 /* Model */,
				89C02DAC24A7C0D000B37744 /* Main.storyboard */,
				99C7C2F9235D81AA00ABA6EA /* Assets.xcassets */,
				99C7C2FB235D81AA00ABA6EA /* Info.plist */,
			);
			path = redditweaks;
			sourceTree = "<group>";
		};
		99C7C304235D81AA00ABA6EA /* Frameworks */ = {
			isa = PBXGroup;
			children = (
				99C7C305235D81AA00ABA6EA /* Cocoa.framework */,
			);
			name = Frameworks;
			sourceTree = "<group>";
		};
		99C7C307235D81AA00ABA6EA /* redditweaks Extension */ = {
			isa = PBXGroup;
			children = (
				C96A6649FD5348AC8CA9E48B /* Feature.swift */,
				89CD138A245E153200A8D3E4 /* SafariExtensionHandler.swift */,
				8982998C24B405BC0063FFE9 /* PopoverViewWrapper.swift */,
				8982998A24B4059C0063FFE9 /* PopoverView.swift */,
				8914CDA724B6B7D40015E4C4 /* FavoriteSubredditView.swift */,
				8982998824B4057B0063FFE9 /* FeatureToggleView.swift */,
				8983812223DBFF81004F4BA7 /* NSControl.StateValue+fromBool.swift */,
				99C7C30F235D81AA00ABA6EA /* Info.plist */,
				8983812023DBF892004F4BA7 /* jquery-3.4.1.min.js */,
				99C7C310235D81AA00ABA6EA /* redditweaks-script.js */,
				99A81B7C236FBD42006D4A61 /* toolbar.pdf */,
				895A8ECF23DD4548000CD345 /* new-toolbar.pdf */,
				99C7C314235D81AA00ABA6EA /* redditweaks_Extension.entitlements */,
			);
			path = "redditweaks Extension";
			sourceTree = "<group>";
		};
/* End PBXGroup section */

/* Begin PBXNativeTarget section */
		895233BE24A6AC0300B72CE8 /* redditweaksTests */ = {
			isa = PBXNativeTarget;
			buildConfigurationList = 895233C624A6AC0300B72CE8 /* Build configuration list for PBXNativeTarget "redditweaksTests" */;
			buildPhases = (
				895233BB24A6AC0300B72CE8 /* Sources */,
				895233BC24A6AC0300B72CE8 /* Frameworks */,
				895233BD24A6AC0300B72CE8 /* Resources */,
			);
			buildRules = (
			);
			dependencies = (
				895233C524A6AC0300B72CE8 /* PBXTargetDependency */,
			);
			name = redditweaksTests;
			productName = redditweaksTests;
			productReference = 895233BF24A6AC0300B72CE8 /* redditweaksTests.xctest */;
			productType = "com.apple.product-type.bundle.unit-test";
		};
		89DD691F24AA8AE800599B28 /* redditweaksUITests */ = {
			isa = PBXNativeTarget;
			buildConfigurationList = 89DD692724AA8AE800599B28 /* Build configuration list for PBXNativeTarget "redditweaksUITests" */;
			buildPhases = (
				89DD691C24AA8AE800599B28 /* Sources */,
				89DD691D24AA8AE800599B28 /* Frameworks */,
				89DD691E24AA8AE800599B28 /* Resources */,
			);
			buildRules = (
			);
			dependencies = (
				89DD692624AA8AE800599B28 /* PBXTargetDependency */,
			);
			name = redditweaksUITests;
			productName = redditweaksUITests;
			productReference = 89DD692024AA8AE800599B28 /* redditweaksUITests.xctest */;
			productType = "com.apple.product-type.bundle.ui-testing";
		};
		99C7C2EC235D81A700ABA6EA /* redditweaks */ = {
			isa = PBXNativeTarget;
			buildConfigurationList = 99C7C31B235D81AA00ABA6EA /* Build configuration list for PBXNativeTarget "redditweaks" */;
			buildPhases = (
				99C7C2E9235D81A700ABA6EA /* Sources */,
				99C7C2EA235D81A700ABA6EA /* Frameworks */,
				99C7C2EB235D81A700ABA6EA /* Resources */,
				99C7C31A235D81AA00ABA6EA /* Embed App Extensions */,
			);
			buildRules = (
			);
			dependencies = (
				99C7C303235D81AA00ABA6EA /* PBXTargetDependency */,
			);
			name = redditweaks;
			packageProductDependencies = (
				891DE84A245E008D004F3630 /* SnapKit */,
			);
			productName = redditweaks2;
			productReference = 99C7C2ED235D81A700ABA6EA /* redditweaks.app */;
			productType = "com.apple.product-type.application";
		};
		99C7C2FF235D81AA00ABA6EA /* redditweaks Extension */ = {
			isa = PBXNativeTarget;
			buildConfigurationList = 99C7C317235D81AA00ABA6EA /* Build configuration list for PBXNativeTarget "redditweaks Extension" */;
			buildPhases = (
				99C7C2FC235D81AA00ABA6EA /* Sources */,
				99C7C2FD235D81AA00ABA6EA /* Frameworks */,
				99C7C2FE235D81AA00ABA6EA /* Resources */,
			);
			buildRules = (
			);
			dependencies = (
			);
			name = "redditweaks Extension";
			packageProductDependencies = (
				89CD1388245E08BF00A8D3E4 /* SnapKit */,
			);
			productName = "redditweaks2 Extension";
			productReference = 99C7C300235D81AA00ABA6EA /* redditweaks Extension.appex */;
			productType = "com.apple.product-type.app-extension";
		};
/* End PBXNativeTarget section */

/* Begin PBXProject section */
		99C7C2E5235D81A700ABA6EA /* Project object */ = {
			isa = PBXProject;
			attributes = {
				LastSwiftUpdateCheck = 1200;
				LastUpgradeCheck = 1200;
				ORGANIZATIONNAME = bermudalocket;
				TargetAttributes = {
					895233BE24A6AC0300B72CE8 = {
						CreatedOnToolsVersion = 12.0;
						TestTargetID = 99C7C2EC235D81A700ABA6EA;
					};
					89DD691F24AA8AE800599B28 = {
						CreatedOnToolsVersion = 12.0;
						TestTargetID = 99C7C2EC235D81A700ABA6EA;
					};
					99C7C2EC235D81A700ABA6EA = {
						CreatedOnToolsVersion = 11.1;
					};
					99C7C2FF235D81AA00ABA6EA = {
						CreatedOnToolsVersion = 11.1;
					};
				};
			};
			buildConfigurationList = 99C7C2E8235D81A700ABA6EA /* Build configuration list for PBXProject "redditweaks" */;
			compatibilityVersion = "Xcode 9.3";
			developmentRegion = en;
			hasScannedForEncodings = 0;
			knownRegions = (
				en,
				Base,
			);
			mainGroup = 99C7C2E4235D81A700ABA6EA;
			packageReferences = (
				891DE849245E008D004F3630 /* XCRemoteSwiftPackageReference "SnapKit" */,
			);
			productRefGroup = 99C7C2EE235D81A700ABA6EA /* Products */;
			projectDirPath = "";
			projectRoot = "";
			targets = (
				99C7C2EC235D81A700ABA6EA /* redditweaks */,
				99C7C2FF235D81AA00ABA6EA /* redditweaks Extension */,
				895233BE24A6AC0300B72CE8 /* redditweaksTests */,
				89DD691F24AA8AE800599B28 /* redditweaksUITests */,
			);
		};
/* End PBXProject section */

/* Begin PBXResourcesBuildPhase section */
		895233BD24A6AC0300B72CE8 /* Resources */ = {
			isa = PBXResourcesBuildPhase;
			buildActionMask = 2147483647;
			files = (
			);
			runOnlyForDeploymentPostprocessing = 0;
		};
		89DD691E24AA8AE800599B28 /* Resources */ = {
			isa = PBXResourcesBuildPhase;
			buildActionMask = 2147483647;
			files = (
			);
			runOnlyForDeploymentPostprocessing = 0;
		};
		99C7C2EB235D81A700ABA6EA /* Resources */ = {
			isa = PBXResourcesBuildPhase;
			buildActionMask = 2147483647;
			files = (
				895233B924A6A33C00B72CE8 /* .swiftlint.yml in Resources */,
				89C02DAD24A7C0D000B37744 /* Main.storyboard in Resources */,
				99C7C2F1235D81A700ABA6EA /* redditweaks.entitlements in Resources */,
				99C7C2FA235D81AA00ABA6EA /* Assets.xcassets in Resources */,
				8949C04623DD582D002CF0C0 /* LICENSE in Resources */,
			);
			runOnlyForDeploymentPostprocessing = 0;
		};
		99C7C2FE235D81AA00ABA6EA /* Resources */ = {
			isa = PBXResourcesBuildPhase;
			buildActionMask = 2147483647;
			files = (
				8949C04723DD582E002CF0C0 /* LICENSE in Resources */,
				8983812123DBF892004F4BA7 /* jquery-3.4.1.min.js in Resources */,
				8949C04923DD5C91002CF0C0 /* preview.png in Resources */,
				895233BA24A6A33C00B72CE8 /* .swiftlint.yml in Resources */,
				99A81B7D236FBD42006D4A61 /* toolbar.pdf in Resources */,
				99C7C311235D81AA00ABA6EA /* redditweaks-script.js in Resources */,
				895A8ED023DD4548000CD345 /* new-toolbar.pdf in Resources */,
			);
			runOnlyForDeploymentPostprocessing = 0;
		};
/* End PBXResourcesBuildPhase section */

/* Begin PBXSourcesBuildPhase section */
		895233BB24A6AC0300B72CE8 /* Sources */ = {
			isa = PBXSourcesBuildPhase;
			buildActionMask = 2147483647;
			files = (
				895233C224A6AC0300B72CE8 /* redditweaksTests.swift in Sources */,
			);
			runOnlyForDeploymentPostprocessing = 0;
		};
		89DD691C24AA8AE800599B28 /* Sources */ = {
			isa = PBXSourcesBuildPhase;
			buildActionMask = 2147483647;
			files = (
				89DD692324AA8AE800599B28 /* redditweaksUITests.swift in Sources */,
			);
			runOnlyForDeploymentPostprocessing = 0;
		};
		99C7C2E9235D81A700ABA6EA /* Sources */ = {
			isa = PBXSourcesBuildPhase;
			buildActionMask = 2147483647;
			files = (
				894559E924A952F200C70CF1 /* WebViewRepresentable.swift in Sources */,
				894559DC24A9315D00C70CF1 /* RedditTokenResponse.swift in Sources */,
				894559EB24A97F9900C70CF1 /* Data+prettyPrinted.swift in Sources */,
				89DD691A24AA84DB00599B28 /* RedditAuthState.swift in Sources */,
				894559E324A931AA00C70CF1 /* URL+queryParameters.swift in Sources */,
				99C7C2F8235D81A700ABA6EA /* MainAppView.swift in Sources */,
				894559DF24A9317500C70CF1 /* Notification.Name.swift in Sources */,
				894559D924A9312B00C70CF1 /* SpinnerView.swift in Sources */,
				894559E124A9319900C70CF1 /* RedditAuthResponse.swift in Sources */,
				894559E524A93D0700C70CF1 /* API.swift in Sources */,
				99C7C2F3235D81A700ABA6EA /* AppDelegate.swift in Sources */,
			);
			runOnlyForDeploymentPostprocessing = 0;
		};
		99C7C2FC235D81AA00ABA6EA /* Sources */ = {
			isa = PBXSourcesBuildPhase;
			buildActionMask = 2147483647;
			files = (
				8982998B24B4059C0063FFE9 /* PopoverView.swift in Sources */,
				894559EF24A9870500C70CF1 /* RedditAuthResponse.swift in Sources */,
				8982998D24B405BC0063FFE9 /* PopoverViewWrapper.swift in Sources */,
				89CD138B245E153200A8D3E4 /* SafariExtensionHandler.swift in Sources */,
				8982998924B4057B0063FFE9 /* FeatureToggleView.swift in Sources */,
				89DD691B24AA84DB00599B28 /* RedditAuthState.swift in Sources */,
				89E4F57323DCF79600F72DDD /* Feature.swift in Sources */,
				8914CDA824B6B7D40015E4C4 /* FavoriteSubredditView.swift in Sources */,
				894559ED24A986C500C70CF1 /* API.swift in Sources */,
				8983812323DBFF81004F4BA7 /* NSControl.StateValue+fromBool.swift in Sources */,
				894559EE24A9870300C70CF1 /* RedditTokenResponse.swift in Sources */,
				894559F024A9872400C70CF1 /* Data+prettyPrinted.swift in Sources */,
			);
			runOnlyForDeploymentPostprocessing = 0;
		};
/* End PBXSourcesBuildPhase section */

/* Begin PBXTargetDependency section */
		895233C524A6AC0300B72CE8 /* PBXTargetDependency */ = {
			isa = PBXTargetDependency;
			target = 99C7C2EC235D81A700ABA6EA /* redditweaks */;
			targetProxy = 895233C424A6AC0300B72CE8 /* PBXContainerItemProxy */;
		};
		89DD692624AA8AE800599B28 /* PBXTargetDependency */ = {
			isa = PBXTargetDependency;
			target = 99C7C2EC235D81A700ABA6EA /* redditweaks */;
			targetProxy = 89DD692524AA8AE800599B28 /* PBXContainerItemProxy */;
		};
		99C7C303235D81AA00ABA6EA /* PBXTargetDependency */ = {
			isa = PBXTargetDependency;
			target = 99C7C2FF235D81AA00ABA6EA /* redditweaks Extension */;
			targetProxy = 99C7C302235D81AA00ABA6EA /* PBXContainerItemProxy */;
		};
/* End PBXTargetDependency section */

/* Begin XCBuildConfiguration section */
		895233C724A6AC0300B72CE8 /* Debug */ = {
			isa = XCBuildConfiguration;
			buildSettings = {
				BUNDLE_LOADER = "$(TEST_HOST)";
				CLANG_WARN_QUOTED_INCLUDE_IN_FRAMEWORK_HEADER = YES;
				CODE_SIGN_STYLE = Automatic;
				COMBINE_HIDPI_IMAGES = YES;
				DEVELOPMENT_TEAM = 2VZ489BR9H;
				INFOPLIST_FILE = redditweaksTests/Info.plist;
				LD_RUNPATH_SEARCH_PATHS = (
					"$(inherited)",
					"@executable_path/../Frameworks",
					"@loader_path/../Frameworks",
				);
				MACOSX_DEPLOYMENT_TARGET = 10.16;
				PRODUCT_BUNDLE_IDENTIFIER = com.bermudalocket.redditweaksTests;
				PRODUCT_NAME = "$(TARGET_NAME)";
				SWIFT_VERSION = 5.0;
				TEST_HOST = "$(BUILT_PRODUCTS_DIR)/redditweaks.app/Contents/MacOS/redditweaks";
			};
			name = Debug;
		};
		895233C824A6AC0300B72CE8 /* Release */ = {
			isa = XCBuildConfiguration;
			buildSettings = {
				BUNDLE_LOADER = "$(TEST_HOST)";
				CLANG_WARN_QUOTED_INCLUDE_IN_FRAMEWORK_HEADER = YES;
				CODE_SIGN_STYLE = Automatic;
				COMBINE_HIDPI_IMAGES = YES;
				DEVELOPMENT_TEAM = 2VZ489BR9H;
				INFOPLIST_FILE = redditweaksTests/Info.plist;
				LD_RUNPATH_SEARCH_PATHS = (
					"$(inherited)",
					"@executable_path/../Frameworks",
					"@loader_path/../Frameworks",
				);
				MACOSX_DEPLOYMENT_TARGET = 10.16;
				PRODUCT_BUNDLE_IDENTIFIER = com.bermudalocket.redditweaksTests;
				PRODUCT_NAME = "$(TARGET_NAME)";
				SWIFT_VERSION = 5.0;
				TEST_HOST = "$(BUILT_PRODUCTS_DIR)/redditweaks.app/Contents/MacOS/redditweaks";
			};
			name = Release;
		};
		89DD692824AA8AE800599B28 /* Debug */ = {
			isa = XCBuildConfiguration;
			buildSettings = {
				CODE_SIGN_STYLE = Automatic;
				COMBINE_HIDPI_IMAGES = YES;
				DEVELOPMENT_TEAM = 2VZ489BR9H;
				INFOPLIST_FILE = redditweaksUITests/Info.plist;
				LD_RUNPATH_SEARCH_PATHS = (
					"$(inherited)",
					"@executable_path/../Frameworks",
					"@loader_path/../Frameworks",
				);
				MACOSX_DEPLOYMENT_TARGET = 10.16;
				PRODUCT_BUNDLE_IDENTIFIER = com.bermudalocket.redditweaksUITests;
				PRODUCT_NAME = "$(TARGET_NAME)";
				SWIFT_VERSION = 5.0;
				TEST_TARGET_NAME = redditweaks;
			};
			name = Debug;
		};
		89DD692924AA8AE800599B28 /* Release */ = {
			isa = XCBuildConfiguration;
			buildSettings = {
				CODE_SIGN_STYLE = Automatic;
				COMBINE_HIDPI_IMAGES = YES;
				DEVELOPMENT_TEAM = 2VZ489BR9H;
				INFOPLIST_FILE = redditweaksUITests/Info.plist;
				LD_RUNPATH_SEARCH_PATHS = (
					"$(inherited)",
					"@executable_path/../Frameworks",
					"@loader_path/../Frameworks",
				);
				MACOSX_DEPLOYMENT_TARGET = 10.16;
				PRODUCT_BUNDLE_IDENTIFIER = com.bermudalocket.redditweaksUITests;
				PRODUCT_NAME = "$(TARGET_NAME)";
				SWIFT_VERSION = 5.0;
				TEST_TARGET_NAME = redditweaks;
			};
			name = Release;
		};
		99C7C315235D81AA00ABA6EA /* Debug */ = {
			isa = XCBuildConfiguration;
			buildSettings = {
				ALWAYS_SEARCH_USER_PATHS = NO;
				CLANG_ANALYZER_NONNULL = YES;
				CLANG_ANALYZER_NUMBER_OBJECT_CONVERSION = YES_AGGRESSIVE;
				CLANG_CXX_LANGUAGE_STANDARD = "gnu++14";
				CLANG_CXX_LIBRARY = "libc++";
				CLANG_ENABLE_MODULES = YES;
				CLANG_ENABLE_OBJC_ARC = YES;
				CLANG_ENABLE_OBJC_WEAK = YES;
				CLANG_WARN_BLOCK_CAPTURE_AUTORELEASING = YES;
				CLANG_WARN_BOOL_CONVERSION = YES;
				CLANG_WARN_COMMA = YES;
				CLANG_WARN_CONSTANT_CONVERSION = YES;
				CLANG_WARN_DEPRECATED_OBJC_IMPLEMENTATIONS = YES;
				CLANG_WARN_DIRECT_OBJC_ISA_USAGE = YES_ERROR;
				CLANG_WARN_DOCUMENTATION_COMMENTS = YES;
				CLANG_WARN_EMPTY_BODY = YES;
				CLANG_WARN_ENUM_CONVERSION = YES;
				CLANG_WARN_INFINITE_RECURSION = YES;
				CLANG_WARN_INT_CONVERSION = YES;
				CLANG_WARN_NON_LITERAL_NULL_CONVERSION = YES;
				CLANG_WARN_OBJC_IMPLICIT_RETAIN_SELF = YES;
				CLANG_WARN_OBJC_LITERAL_CONVERSION = YES;
				CLANG_WARN_OBJC_ROOT_CLASS = YES_ERROR;
				CLANG_WARN_QUOTED_INCLUDE_IN_FRAMEWORK_HEADER = YES;
				CLANG_WARN_RANGE_LOOP_ANALYSIS = YES;
				CLANG_WARN_STRICT_PROTOTYPES = YES;
				CLANG_WARN_SUSPICIOUS_MOVE = YES;
				CLANG_WARN_UNGUARDED_AVAILABILITY = YES_AGGRESSIVE;
				CLANG_WARN_UNREACHABLE_CODE = YES;
				CLANG_WARN__DUPLICATE_METHOD_MATCH = YES;
				COPY_PHASE_STRIP = NO;
				DEBUG_INFORMATION_FORMAT = dwarf;
				ENABLE_STRICT_OBJC_MSGSEND = YES;
				ENABLE_TESTABILITY = YES;
				GCC_C_LANGUAGE_STANDARD = gnu11;
				GCC_DYNAMIC_NO_PIC = NO;
				GCC_NO_COMMON_BLOCKS = YES;
				GCC_OPTIMIZATION_LEVEL = 0;
				GCC_PREPROCESSOR_DEFINITIONS = (
					"DEBUG=1",
					"$(inherited)",
				);
				GCC_WARN_64_TO_32_BIT_CONVERSION = YES;
				GCC_WARN_ABOUT_RETURN_TYPE = YES_ERROR;
				GCC_WARN_UNDECLARED_SELECTOR = YES;
				GCC_WARN_UNINITIALIZED_AUTOS = YES_AGGRESSIVE;
				GCC_WARN_UNUSED_FUNCTION = YES;
				GCC_WARN_UNUSED_VARIABLE = YES;
				MACOSX_DEPLOYMENT_TARGET = 10.15;
				MTL_ENABLE_DEBUG_INFO = INCLUDE_SOURCE;
				MTL_FAST_MATH = YES;
				ONLY_ACTIVE_ARCH = YES;
				SDKROOT = macosx;
				SWIFT_ACTIVE_COMPILATION_CONDITIONS = DEBUG;
				SWIFT_OPTIMIZATION_LEVEL = "-Onone";
			};
			name = Debug;
		};
		99C7C316235D81AA00ABA6EA /* Release */ = {
			isa = XCBuildConfiguration;
			buildSettings = {
				ALWAYS_SEARCH_USER_PATHS = NO;
				CLANG_ANALYZER_NONNULL = YES;
				CLANG_ANALYZER_NUMBER_OBJECT_CONVERSION = YES_AGGRESSIVE;
				CLANG_CXX_LANGUAGE_STANDARD = "gnu++14";
				CLANG_CXX_LIBRARY = "libc++";
				CLANG_ENABLE_MODULES = YES;
				CLANG_ENABLE_OBJC_ARC = YES;
				CLANG_ENABLE_OBJC_WEAK = YES;
				CLANG_WARN_BLOCK_CAPTURE_AUTORELEASING = YES;
				CLANG_WARN_BOOL_CONVERSION = YES;
				CLANG_WARN_COMMA = YES;
				CLANG_WARN_CONSTANT_CONVERSION = YES;
				CLANG_WARN_DEPRECATED_OBJC_IMPLEMENTATIONS = YES;
				CLANG_WARN_DIRECT_OBJC_ISA_USAGE = YES_ERROR;
				CLANG_WARN_DOCUMENTATION_COMMENTS = YES;
				CLANG_WARN_EMPTY_BODY = YES;
				CLANG_WARN_ENUM_CONVERSION = YES;
				CLANG_WARN_INFINITE_RECURSION = YES;
				CLANG_WARN_INT_CONVERSION = YES;
				CLANG_WARN_NON_LITERAL_NULL_CONVERSION = YES;
				CLANG_WARN_OBJC_IMPLICIT_RETAIN_SELF = YES;
				CLANG_WARN_OBJC_LITERAL_CONVERSION = YES;
				CLANG_WARN_OBJC_ROOT_CLASS = YES_ERROR;
				CLANG_WARN_QUOTED_INCLUDE_IN_FRAMEWORK_HEADER = YES;
				CLANG_WARN_RANGE_LOOP_ANALYSIS = YES;
				CLANG_WARN_STRICT_PROTOTYPES = YES;
				CLANG_WARN_SUSPICIOUS_MOVE = YES;
				CLANG_WARN_UNGUARDED_AVAILABILITY = YES_AGGRESSIVE;
				CLANG_WARN_UNREACHABLE_CODE = YES;
				CLANG_WARN__DUPLICATE_METHOD_MATCH = YES;
				COPY_PHASE_STRIP = NO;
				DEBUG_INFORMATION_FORMAT = "dwarf-with-dsym";
				ENABLE_NS_ASSERTIONS = NO;
				ENABLE_STRICT_OBJC_MSGSEND = YES;
				GCC_C_LANGUAGE_STANDARD = gnu11;
				GCC_NO_COMMON_BLOCKS = YES;
				GCC_WARN_64_TO_32_BIT_CONVERSION = YES;
				GCC_WARN_ABOUT_RETURN_TYPE = YES_ERROR;
				GCC_WARN_UNDECLARED_SELECTOR = YES;
				GCC_WARN_UNINITIALIZED_AUTOS = YES_AGGRESSIVE;
				GCC_WARN_UNUSED_FUNCTION = YES;
				GCC_WARN_UNUSED_VARIABLE = YES;
				MACOSX_DEPLOYMENT_TARGET = 10.15;
				MTL_ENABLE_DEBUG_INFO = NO;
				MTL_FAST_MATH = YES;
				SDKROOT = macosx;
				SWIFT_COMPILATION_MODE = wholemodule;
				SWIFT_OPTIMIZATION_LEVEL = "-O";
			};
			name = Release;
		};
		99C7C318235D81AA00ABA6EA /* Debug */ = {
			isa = XCBuildConfiguration;
			buildSettings = {
				CODE_SIGN_ENTITLEMENTS = "redditweaks Extension/redditweaks_Extension.entitlements";
				CODE_SIGN_IDENTITY = "Apple Development";
				CODE_SIGN_STYLE = Automatic;
				CURRENT_PROJECT_VERSION = 172;
				DEVELOPMENT_TEAM = 2VZ489BR9H;
				ENABLE_HARDENED_RUNTIME = YES;
				INFOPLIST_FILE = "redditweaks Extension/Info.plist";
				LD_RUNPATH_SEARCH_PATHS = (
					"$(inherited)",
					"@executable_path/../Frameworks",
					"@executable_path/../../../../Frameworks",
				);
				MACOSX_DEPLOYMENT_TARGET = 10.15;
				MARKETING_VERSION = 1.4;
				PRODUCT_BUNDLE_IDENTIFIER = "com.bermudalocket.redditweaks-Extension";
				PRODUCT_NAME = "$(TARGET_NAME)";
				SKIP_INSTALL = YES;
				SWIFT_VERSION = 5.0;
			};
			name = Debug;
		};
		99C7C319235D81AA00ABA6EA /* Release */ = {
			isa = XCBuildConfiguration;
			buildSettings = {
				CODE_SIGN_ENTITLEMENTS = "redditweaks Extension/redditweaks_Extension.entitlements";
				CODE_SIGN_IDENTITY = "Apple Development";
				CODE_SIGN_STYLE = Automatic;
				CURRENT_PROJECT_VERSION = 172;
				DEVELOPMENT_TEAM = 2VZ489BR9H;
				ENABLE_HARDENED_RUNTIME = YES;
				INFOPLIST_FILE = "redditweaks Extension/Info.plist";
				LD_RUNPATH_SEARCH_PATHS = (
					"$(inherited)",
					"@executable_path/../Frameworks",
					"@executable_path/../../../../Frameworks",
				);
				MACOSX_DEPLOYMENT_TARGET = 10.15;
				MARKETING_VERSION = 1.4;
				PRODUCT_BUNDLE_IDENTIFIER = "com.bermudalocket.redditweaks-Extension";
				PRODUCT_NAME = "$(TARGET_NAME)";
				SKIP_INSTALL = YES;
				SWIFT_VERSION = 5.0;
			};
			name = Release;
		};
		99C7C31C235D81AA00ABA6EA /* Debug */ = {
			isa = XCBuildConfiguration;
			buildSettings = {
				ALWAYS_EMBED_SWIFT_STANDARD_LIBRARIES = YES;
				ASSETCATALOG_COMPILER_APPICON_NAME = AppIcon;
				CODE_SIGN_ENTITLEMENTS = redditweaks/redditweaks.entitlements;
				CODE_SIGN_IDENTITY = "Apple Development";
				CODE_SIGN_STYLE = Automatic;
				COMBINE_HIDPI_IMAGES = YES;
				DEVELOPMENT_TEAM = 2VZ489BR9H;
				ENABLE_HARDENED_RUNTIME = YES;
				INFOPLIST_FILE = redditweaks/Info.plist;
				LD_RUNPATH_SEARCH_PATHS = (
					"$(inherited)",
					"@executable_path/../Frameworks",
				);
				MACOSX_DEPLOYMENT_TARGET = 10.15;
				MARKETING_VERSION = 1.4;
				PRODUCT_BUNDLE_IDENTIFIER = com.bermudalocket.redditweaks;
				PRODUCT_NAME = "$(TARGET_NAME)";
				SWIFT_VERSION = 5.0;
			};
			name = Debug;
		};
		99C7C31D235D81AA00ABA6EA /* Release */ = {
			isa = XCBuildConfiguration;
			buildSettings = {
				ALWAYS_EMBED_SWIFT_STANDARD_LIBRARIES = YES;
				ASSETCATALOG_COMPILER_APPICON_NAME = AppIcon;
				CODE_SIGN_ENTITLEMENTS = redditweaks/redditweaks.entitlements;
				CODE_SIGN_IDENTITY = "Apple Development";
				CODE_SIGN_STYLE = Automatic;
				COMBINE_HIDPI_IMAGES = YES;
				DEVELOPMENT_TEAM = 2VZ489BR9H;
				ENABLE_HARDENED_RUNTIME = YES;
				INFOPLIST_FILE = redditweaks/Info.plist;
				LD_RUNPATH_SEARCH_PATHS = (
					"$(inherited)",
					"@executable_path/../Frameworks",
				);
				MACOSX_DEPLOYMENT_TARGET = 10.15;
				MARKETING_VERSION = 1.4;
				PRODUCT_BUNDLE_IDENTIFIER = com.bermudalocket.redditweaks;
				PRODUCT_NAME = "$(TARGET_NAME)";
				SWIFT_VERSION = 5.0;
			};
			name = Release;
		};
/* End XCBuildConfiguration section */

/* Begin XCConfigurationList section */
		895233C624A6AC0300B72CE8 /* Build configuration list for PBXNativeTarget "redditweaksTests" */ = {
			isa = XCConfigurationList;
			buildConfigurations = (
				895233C724A6AC0300B72CE8 /* Debug */,
				895233C824A6AC0300B72CE8 /* Release */,
			);
			defaultConfigurationIsVisible = 0;
			defaultConfigurationName = Release;
		};
		89DD692724AA8AE800599B28 /* Build configuration list for PBXNativeTarget "redditweaksUITests" */ = {
			isa = XCConfigurationList;
			buildConfigurations = (
				89DD692824AA8AE800599B28 /* Debug */,
				89DD692924AA8AE800599B28 /* Release */,
			);
			defaultConfigurationIsVisible = 0;
			defaultConfigurationName = Release;
		};
		99C7C2E8235D81A700ABA6EA /* Build configuration list for PBXProject "redditweaks" */ = {
			isa = XCConfigurationList;
			buildConfigurations = (
				99C7C315235D81AA00ABA6EA /* Debug */,
				99C7C316235D81AA00ABA6EA /* Release */,
			);
			defaultConfigurationIsVisible = 0;
			defaultConfigurationName = Release;
		};
		99C7C317235D81AA00ABA6EA /* Build configuration list for PBXNativeTarget "redditweaks Extension" */ = {
			isa = XCConfigurationList;
			buildConfigurations = (
				99C7C318235D81AA00ABA6EA /* Debug */,
				99C7C319235D81AA00ABA6EA /* Release */,
			);
			defaultConfigurationIsVisible = 0;
			defaultConfigurationName = Release;
		};
		99C7C31B235D81AA00ABA6EA /* Build configuration list for PBXNativeTarget "redditweaks" */ = {
			isa = XCConfigurationList;
			buildConfigurations = (
				99C7C31C235D81AA00ABA6EA /* Debug */,
				99C7C31D235D81AA00ABA6EA /* Release */,
			);
			defaultConfigurationIsVisible = 0;
			defaultConfigurationName = Release;
		};
/* End XCConfigurationList section */

/* Begin XCRemoteSwiftPackageReference section */
		891DE849245E008D004F3630 /* XCRemoteSwiftPackageReference "SnapKit" */ = {
			isa = XCRemoteSwiftPackageReference;
			repositoryURL = "https://github.com/SnapKit/SnapKit";
			requirement = {
				kind = upToNextMajorVersion;
				minimumVersion = 5.0.1;
			};
		};
/* End XCRemoteSwiftPackageReference section */

/* Begin XCSwiftPackageProductDependency section */
		891DE84A245E008D004F3630 /* SnapKit */ = {
			isa = XCSwiftPackageProductDependency;
			package = 891DE849245E008D004F3630 /* XCRemoteSwiftPackageReference "SnapKit" */;
			productName = SnapKit;
		};
		89CD1388245E08BF00A8D3E4 /* SnapKit */ = {
			isa = XCSwiftPackageProductDependency;
			package = 891DE849245E008D004F3630 /* XCRemoteSwiftPackageReference "SnapKit" */;
			productName = SnapKit;
		};
/* End XCSwiftPackageProductDependency section */
	};
	rootObject = 99C7C2E5235D81A700ABA6EA /* Project object */;
}
