{
  "pins" : [
    {
      "identity" : "keychainaccess",
      "kind" : "remoteSourceControl",
      "location" : "https://github.com/kishikawakatsumi/KeychainAccess.git",
      "state" : {
        "revision" : "84e546727d66f1adc5439debad16270d0fdd04e7",
        "version" : "4.2.2"
      }
    },
    {
      "identity" : "kingfisher",
      "kind" : "remoteSourceControl",
      "location" : "https://github.com/onevcat/Kingfisher",
      "state" : {
        "revision" : "d06df9adf50ed8cde5786d935836a5f445f780ba",
        "version" : "6.3.1"
      }
    },
    {
      "identity" : "tfrcompose",
      "kind" : "remoteSourceControl",
      "location" : "https://github.com/bermudalocket/TFRCompose",
      "state" : {
        "branch" : "main",
        "revision" : "8c32053078689c0a8bda6ed81340d8e1004bdee3"
      }
    },
    {
      "identity" : "tfrprivate",
      "kind" : "remoteSourceControl",
      "location" : "https://github.com/bermudalocket/TFRPrivate",
      "state" : {
        "branch" : "main",
        "revision" : "5c71bb9c6b1f438b64d7902f8a6e91f53843082a"
      }
    }
  ],
  "version" : 2
}
