{
  "object": {
    "pins": [
      {
        "package": "KeychainAccess",
        "repositoryURL": "https://github.com/kishikawakatsumi/KeychainAccess.git",
        "state": {
          "branch": null,
          "revision": "84e546727d66f1adc5439debad16270d0fdd04e7",
          "version": "4.2.2"
        }
      },
      {
        "package": "Kingfisher",
        "repositoryURL": "https://github.com/onevcat/Kingfisher",
        "state": {
          "branch": null,
          "revision": "d06df9adf50ed8cde5786d935836a5f445f780ba",
          "version": "6.3.1"
        }
      },
      {
        "package": "TFRCompose",
        "repositoryURL": "https://github.com/bermudalocket/TFRCompose",
        "state": {
          "branch": "main",
          "revision": "8c32053078689c0a8bda6ed81340d8e1004bdee3",
          "version": null
        }
      },
      {
        "package": "TFRPrivate",
        "repositoryURL": "https://github.com/bermudalocket/TFRPrivate",
        "state": {
          "branch": "main",
          "revision": "5c71bb9c6b1f438b64d7902f8a6e91f53843082a",
          "version": null
        }
      }
    ]
  },
  "version": 1
}
